// !$*UTF8*$!
{
	archiveVersion = 1;
	classes = {
	};
	objectVersion = 48;
	objects = {

/* Begin PBXBuildFile section */
		E450C710205A59E800A3A645 /* HZAppDelegate.m in Sources */ = {isa = PBXBuildFile; fileRef = E450C70F205A59E800A3A645 /* HZAppDelegate.m */; };
		E450C716205A59E800A3A645 /* Main.storyboard in Resources */ = {isa = PBXBuildFile; fileRef = E450C714205A59E800A3A645 /* Main.storyboard */; };
		E450C718205A59E800A3A645 /* Assets.xcassets in Resources */ = {isa = PBXBuildFile; fileRef = E450C717205A59E800A3A645 /* Assets.xcassets */; };
		E450C71B205A59E800A3A645 /* LaunchScreen.storyboard in Resources */ = {isa = PBXBuildFile; fileRef = E450C719205A59E800A3A645 /* LaunchScreen.storyboard */; };
		E450C71E205A59E800A3A645 /* main.m in Sources */ = {isa = PBXBuildFile; fileRef = E450C71D205A59E800A3A645 /* main.m */; };
		E450C7CE205B9F2000A3A645 /* HZBaseView.m in Sources */ = {isa = PBXBuildFile; fileRef = E450C7CD205B9F2000A3A645 /* HZBaseView.m */; };
		E450C7D1205B9F4200A3A645 /* HZBaseTableView.m in Sources */ = {isa = PBXBuildFile; fileRef = E450C7D0205B9F4200A3A645 /* HZBaseTableView.m */; };
		E450C7D4205B9FB700A3A645 /* HZBaseCollectionView.m in Sources */ = {isa = PBXBuildFile; fileRef = E450C7D3205B9FB700A3A645 /* HZBaseCollectionView.m */; };
		E450C7D7205B9FCB00A3A645 /* HZBaseViewController.m in Sources */ = {isa = PBXBuildFile; fileRef = E450C7D6205B9FCB00A3A645 /* HZBaseViewController.m */; };
		E450C7DA205BA09400A3A645 /* HZBaseNavigationViewController.m in Sources */ = {isa = PBXBuildFile; fileRef = E450C7D9205BA09400A3A645 /* HZBaseNavigationViewController.m */; };
		E450C7E9205BA38100A3A645 /* BookShelfController.m in Sources */ = {isa = PBXBuildFile; fileRef = E450C7E8205BA38100A3A645 /* BookShelfController.m */; };
		E450C7EC205BA3B600A3A645 /* FeaturedAlbumController.m in Sources */ = {isa = PBXBuildFile; fileRef = E450C7EB205BA3B600A3A645 /* FeaturedAlbumController.m */; };
		E450C7EF205BA3D600A3A645 /* ClassificationController.m in Sources */ = {isa = PBXBuildFile; fileRef = E450C7EE205BA3D600A3A645 /* ClassificationController.m */; };
		E450C7F2205BA3F100A3A645 /* DisCoveryController.m in Sources */ = {isa = PBXBuildFile; fileRef = E450C7F1205BA3F100A3A645 /* DisCoveryController.m */; };
		E450C7F5205BA53F00A3A645 /* HZTabBarController.m in Sources */ = {isa = PBXBuildFile; fileRef = E450C7F4205BA53F00A3A645 /* HZTabBarController.m */; };
		E450C7F8205BB78300A3A645 /* LGQSideViewController.m in Sources */ = {isa = PBXBuildFile; fileRef = E450C7F7205BB78200A3A645 /* LGQSideViewController.m */; };
		E450C7FC205BBB8B00A3A645 /* PersonalController.m in Sources */ = {isa = PBXBuildFile; fileRef = E450C7FB205BBB8B00A3A645 /* PersonalController.m */; };
/* End PBXBuildFile section */

/* Begin PBXFileReference section */
		E450C70B205A59E800A3A645 /* BookReader.app */ = {isa = PBXFileReference; explicitFileType = wrapper.application; includeInIndex = 0; path = BookReader.app; sourceTree = BUILT_PRODUCTS_DIR; };
		E450C70E205A59E800A3A645 /* HZAppDelegate.h */ = {isa = PBXFileReference; lastKnownFileType = sourcecode.c.h; path = HZAppDelegate.h; sourceTree = "<group>"; };
		E450C70F205A59E800A3A645 /* HZAppDelegate.m */ = {isa = PBXFileReference; lastKnownFileType = sourcecode.c.objc; path = HZAppDelegate.m; sourceTree = "<group>"; };
		E450C715205A59E800A3A645 /* Base */ = {isa = PBXFileReference; lastKnownFileType = file.storyboard; name = Base; path = Base.lproj/Main.storyboard; sourceTree = "<group>"; };
		E450C717205A59E800A3A645 /* Assets.xcassets */ = {isa = PBXFileReference; lastKnownFileType = folder.assetcatalog; path = Assets.xcassets; sourceTree = "<group>"; };
		E450C71A205A59E800A3A645 /* Base */ = {isa = PBXFileReference; lastKnownFileType = file.storyboard; name = Base; path = Base.lproj/LaunchScreen.storyboard; sourceTree = "<group>"; };
		E450C71C205A59E800A3A645 /* Info.plist */ = {isa = PBXFileReference; lastKnownFileType = text.plist.xml; path = Info.plist; sourceTree = "<group>"; };
		E450C71D205A59E800A3A645 /* main.m */ = {isa = PBXFileReference; lastKnownFileType = sourcecode.c.objc; path = main.m; sourceTree = "<group>"; };
		E450C7CC205B9F2000A3A645 /* HZBaseView.h */ = {isa = PBXFileReference; lastKnownFileType = sourcecode.c.h; path = HZBaseView.h; sourceTree = "<group>"; };
		E450C7CD205B9F2000A3A645 /* HZBaseView.m */ = {isa = PBXFileReference; lastKnownFileType = sourcecode.c.objc; path = HZBaseView.m; sourceTree = "<group>"; };
		E450C7CF205B9F4200A3A645 /* HZBaseTableView.h */ = {isa = PBXFileReference; lastKnownFileType = sourcecode.c.h; path = HZBaseTableView.h; sourceTree = "<group>"; };
		E450C7D0205B9F4200A3A645 /* HZBaseTableView.m */ = {isa = PBXFileReference; lastKnownFileType = sourcecode.c.objc; path = HZBaseTableView.m; sourceTree = "<group>"; };
		E450C7D2205B9FB700A3A645 /* HZBaseCollectionView.h */ = {isa = PBXFileReference; lastKnownFileType = sourcecode.c.h; path = HZBaseCollectionView.h; sourceTree = "<group>"; };
		E450C7D3205B9FB700A3A645 /* HZBaseCollectionView.m */ = {isa = PBXFileReference; lastKnownFileType = sourcecode.c.objc; path = HZBaseCollectionView.m; sourceTree = "<group>"; };
		E450C7D5205B9FCB00A3A645 /* HZBaseViewController.h */ = {isa = PBXFileReference; lastKnownFileType = sourcecode.c.h; path = HZBaseViewController.h; sourceTree = "<group>"; };
		E450C7D6205B9FCB00A3A645 /* HZBaseViewController.m */ = {isa = PBXFileReference; lastKnownFileType = sourcecode.c.objc; path = HZBaseViewController.m; sourceTree = "<group>"; };
		E450C7D8205BA09400A3A645 /* HZBaseNavigationViewController.h */ = {isa = PBXFileReference; lastKnownFileType = sourcecode.c.h; path = HZBaseNavigationViewController.h; sourceTree = "<group>"; };
		E450C7D9205BA09400A3A645 /* HZBaseNavigationViewController.m */ = {isa = PBXFileReference; lastKnownFileType = sourcecode.c.objc; path = HZBaseNavigationViewController.m; sourceTree = "<group>"; };
		E450C7E7205BA38100A3A645 /* BookShelfController.h */ = {isa = PBXFileReference; lastKnownFileType = sourcecode.c.h; path = BookShelfController.h; sourceTree = "<group>"; };
		E450C7E8205BA38100A3A645 /* BookShelfController.m */ = {isa = PBXFileReference; lastKnownFileType = sourcecode.c.objc; path = BookShelfController.m; sourceTree = "<group>"; };
		E450C7EA205BA3B600A3A645 /* FeaturedAlbumController.h */ = {isa = PBXFileReference; lastKnownFileType = sourcecode.c.h; path = FeaturedAlbumController.h; sourceTree = "<group>"; };
		E450C7EB205BA3B600A3A645 /* FeaturedAlbumController.m */ = {isa = PBXFileReference; lastKnownFileType = sourcecode.c.objc; path = FeaturedAlbumController.m; sourceTree = "<group>"; };
		E450C7ED205BA3D600A3A645 /* ClassificationController.h */ = {isa = PBXFileReference; lastKnownFileType = sourcecode.c.h; path = ClassificationController.h; sourceTree = "<group>"; };
		E450C7EE205BA3D600A3A645 /* ClassificationController.m */ = {isa = PBXFileReference; lastKnownFileType = sourcecode.c.objc; path = ClassificationController.m; sourceTree = "<group>"; };
		E450C7F0205BA3F100A3A645 /* DisCoveryController.h */ = {isa = PBXFileReference; lastKnownFileType = sourcecode.c.h; path = DisCoveryController.h; sourceTree = "<group>"; };
		E450C7F1205BA3F100A3A645 /* DisCoveryController.m */ = {isa = PBXFileReference; lastKnownFileType = sourcecode.c.objc; path = DisCoveryController.m; sourceTree = "<group>"; };
		E450C7F3205BA53F00A3A645 /* HZTabBarController.h */ = {isa = PBXFileReference; lastKnownFileType = sourcecode.c.h; path = HZTabBarController.h; sourceTree = "<group>"; };
		E450C7F4205BA53F00A3A645 /* HZTabBarController.m */ = {isa = PBXFileReference; lastKnownFileType = sourcecode.c.objc; path = HZTabBarController.m; sourceTree = "<group>"; };
		E450C7F6205BB78200A3A645 /* LGQSideViewController.h */ = {isa = PBXFileReference; fileEncoding = 4; lastKnownFileType = sourcecode.c.h; path = LGQSideViewController.h; sourceTree = "<group>"; };
		E450C7F7205BB78200A3A645 /* LGQSideViewController.m */ = {isa = PBXFileReference; fileEncoding = 4; lastKnownFileType = sourcecode.c.objc; path = LGQSideViewController.m; sourceTree = "<group>"; };
		E450C7FA205BBB8B00A3A645 /* PersonalController.h */ = {isa = PBXFileReference; lastKnownFileType = sourcecode.c.h; path = PersonalController.h; sourceTree = "<group>"; };
		E450C7FB205BBB8B00A3A645 /* PersonalController.m */ = {isa = PBXFileReference; lastKnownFileType = sourcecode.c.objc; path = PersonalController.m; sourceTree = "<group>"; };
/* End PBXFileReference section */

/* Begin PBXFrameworksBuildPhase section */
		E450C708205A59E800A3A645 /* Frameworks */ = {
			isa = PBXFrameworksBuildPhase;
			buildActionMask = 2147483647;
			files = (
			);
			runOnlyForDeploymentPostprocessing = 0;
		};
/* End PBXFrameworksBuildPhase section */

/* Begin PBXGroup section */
		E450C702205A59E800A3A645 = {
			isa = PBXGroup;
			children = (
				E450C70D205A59E800A3A645 /* BookReader */,
				E450C70C205A59E800A3A645 /* Products */,
			);
			sourceTree = "<group>";
		};
		E450C70C205A59E800A3A645 /* Products */ = {
			isa = PBXGroup;
			children = (
				E450C70B205A59E800A3A645 /* BookReader.app */,
			);
			name = Products;
			sourceTree = "<group>";
		};
		E450C70D205A59E800A3A645 /* BookReader */ = {
			isa = PBXGroup;
			children = (
				E450C7C7205B9EDD00A3A645 /* HZBase */,
				E450C7C9205B9EDD00A3A645 /* HZReaderBusiness */,
				E450C7CA205B9EDD00A3A645 /* ThirdLib */,
				E450C70E205A59E800A3A645 /* HZAppDelegate.h */,
				E450C70F205A59E800A3A645 /* HZAppDelegate.m */,
				E450C714205A59E800A3A645 /* Main.storyboard */,
				E450C717205A59E800A3A645 /* Assets.xcassets */,
				E450C719205A59E800A3A645 /* LaunchScreen.storyboard */,
				E450C71C205A59E800A3A645 /* Info.plist */,
				E450C71D205A59E800A3A645 /* main.m */,
			);
			path = BookReader;
			sourceTree = "<group>";
		};
		E450C7C7205B9EDD00A3A645 /* HZBase */ = {
			isa = PBXGroup;
			children = (
				E450C7CB205B9EF700A3A645 /* BaseViews */,
				E450C7C8205B9EDD00A3A645 /* BaseControllers */,
			);
			path = HZBase;
			sourceTree = "<group>";
		};
		E450C7C8205B9EDD00A3A645 /* BaseControllers */ = {
			isa = PBXGroup;
			children = (
				E450C7D5205B9FCB00A3A645 /* HZBaseViewController.h */,
				E450C7D6205B9FCB00A3A645 /* HZBaseViewController.m */,
				E450C7D8205BA09400A3A645 /* HZBaseNavigationViewController.h */,
				E450C7D9205BA09400A3A645 /* HZBaseNavigationViewController.m */,
			);
			path = BaseControllers;
			sourceTree = "<group>";
		};
		E450C7C9205B9EDD00A3A645 /* HZReaderBusiness */ = {
			isa = PBXGroup;
			children = (
				E450C7DD205BA11E00A3A645 /* Views */,
				E450C7DC205BA11200A3A645 /* Controllers */,
			);
			path = HZReaderBusiness;
			sourceTree = "<group>";
		};
		E450C7CA205B9EDD00A3A645 /* ThirdLib */ = {
			isa = PBXGroup;
			children = (
				E450C7FD205BBD9A00A3A645 /* LGQSideViewController */,
			);
			path = ThirdLib;
			sourceTree = "<group>";
		};
		E450C7CB205B9EF700A3A645 /* BaseViews */ = {
			isa = PBXGroup;
			children = (
				E450C7CC205B9F2000A3A645 /* HZBaseView.h */,
				E450C7CD205B9F2000A3A645 /* HZBaseView.m */,
				E450C7CF205B9F4200A3A645 /* HZBaseTableView.h */,
				E450C7D0205B9F4200A3A645 /* HZBaseTableView.m */,
				E450C7D2205B9FB700A3A645 /* HZBaseCollectionView.h */,
				E450C7D3205B9FB700A3A645 /* HZBaseCollectionView.m */,
			);
			path = BaseViews;
			sourceTree = "<group>";
		};
		E450C7DB205BA0EF00A3A645 /* MainEntrance   */ = {
			isa = PBXGroup;
			children = (
				E450C7F3205BA53F00A3A645 /* HZTabBarController.h */,
				E450C7F4205BA53F00A3A645 /* HZTabBarController.m */,
			);
			path = "MainEntrance  ";
			sourceTree = "<group>";
		};
		E450C7DC205BA11200A3A645 /* Controllers */ = {
			isa = PBXGroup;
			children = (
				E450C7F9205BBB3A00A3A645 /* Personal */,
				E450C7DB205BA0EF00A3A645 /* MainEntrance   */,
				E450C7E3205BA1BC00A3A645 /* BookShelf */,
				E450C7E4205BA26900A3A645 /* FeaturedAlbum   */,
				E450C7E5205BA2ED00A3A645 /* Classification */,
				E450C7E6205BA32900A3A645 /* DisCovery */,
			);
			path = Controllers;
			sourceTree = "<group>";
		};
		E450C7DD205BA11E00A3A645 /* Views */ = {
			isa = PBXGroup;
			children = (
			);
			path = Views;
			sourceTree = "<group>";
		};
		E450C7E3205BA1BC00A3A645 /* BookShelf */ = {
			isa = PBXGroup;
			children = (
				E450C7E7205BA38100A3A645 /* BookShelfController.h */,
				E450C7E8205BA38100A3A645 /* BookShelfController.m */,
			);
			path = BookShelf;
			sourceTree = "<group>";
		};
		E450C7E4205BA26900A3A645 /* FeaturedAlbum   */ = {
			isa = PBXGroup;
			children = (
				E450C7EA205BA3B600A3A645 /* FeaturedAlbumController.h */,
				E450C7EB205BA3B600A3A645 /* FeaturedAlbumController.m */,
			);
			path = "FeaturedAlbum  ";
			sourceTree = "<group>";
		};
		E450C7E5205BA2ED00A3A645 /* Classification */ = {
			isa = PBXGroup;
			children = (
				E450C7ED205BA3D600A3A645 /* ClassificationController.h */,
				E450C7EE205BA3D600A3A645 /* ClassificationController.m */,
			);
			path = Classification;
			sourceTree = "<group>";
		};
		E450C7E6205BA32900A3A645 /* DisCovery */ = {
			isa = PBXGroup;
			children = (
				E450C7F0205BA3F100A3A645 /* DisCoveryController.h */,
				E450C7F1205BA3F100A3A645 /* DisCoveryController.m */,
			);
			path = DisCovery;
			sourceTree = "<group>";
		};
		E450C7F9205BBB3A00A3A645 /* Personal */ = {
			isa = PBXGroup;
			children = (
				E450C7FA205BBB8B00A3A645 /* PersonalController.h */,
				E450C7FB205BBB8B00A3A645 /* PersonalController.m */,
			);
			path = Personal;
			sourceTree = "<group>";
		};
		E450C7FD205BBD9A00A3A645 /* LGQSideViewController */ = {
			isa = PBXGroup;
			children = (
				E450C7F6205BB78200A3A645 /* LGQSideViewController.h */,
				E450C7F7205BB78200A3A645 /* LGQSideViewController.m */,
			);
			path = LGQSideViewController;
			sourceTree = "<group>";
		};
/* End PBXGroup section */

/* Begin PBXNativeTarget section */
		E450C70A205A59E800A3A645 /* BookReader */ = {
			isa = PBXNativeTarget;
			buildConfigurationList = E450C721205A59E800A3A645 /* Build configuration list for PBXNativeTarget "BookReader" */;
			buildPhases = (
				E450C707205A59E800A3A645 /* Sources */,
				E450C708205A59E800A3A645 /* Frameworks */,
				E450C709205A59E800A3A645 /* Resources */,
			);
			buildRules = (
			);
			dependencies = (
			);
			name = BookReader;
			productName = BookReader;
			productReference = E450C70B205A59E800A3A645 /* BookReader.app */;
			productType = "com.apple.product-type.application";
		};
/* End PBXNativeTarget section */

/* Begin PBXProject section */
		E450C703205A59E800A3A645 /* Project object */ = {
			isa = PBXProject;
			attributes = {
				LastUpgradeCheck = 0920;
				ORGANIZATIONNAME = liang;
				TargetAttributes = {
					E450C70A205A59E800A3A645 = {
						CreatedOnToolsVersion = 9.2;
						ProvisioningStyle = Manual;
					};
				};
			};
			buildConfigurationList = E450C706205A59E800A3A645 /* Build configuration list for PBXProject "BookReader" */;
			compatibilityVersion = "Xcode 8.0";
			developmentRegion = en;
			hasScannedForEncodings = 0;
			knownRegions = (
				en,
				Base,
			);
			mainGroup = E450C702205A59E800A3A645;
			productRefGroup = E450C70C205A59E800A3A645 /* Products */;
			projectDirPath = "";
			projectRoot = "";
			targets = (
				E450C70A205A59E800A3A645 /* BookReader */,
			);
		};
/* End PBXProject section */

/* Begin PBXResourcesBuildPhase section */
		E450C709205A59E800A3A645 /* Resources */ = {
			isa = PBXResourcesBuildPhase;
			buildActionMask = 2147483647;
			files = (
				E450C71B205A59E800A3A645 /* LaunchScreen.storyboard in Resources */,
				E450C718205A59E800A3A645 /* Assets.xcassets in Resources */,
				E450C716205A59E800A3A645 /* Main.storyboard in Resources */,
			);
			runOnlyForDeploymentPostprocessing = 0;
		};
/* End PBXResourcesBuildPhase section */

/* Begin PBXSourcesBuildPhase section */
		E450C707205A59E800A3A645 /* Sources */ = {
			isa = PBXSourcesBuildPhase;
			buildActionMask = 2147483647;
			files = (
				E450C7F5205BA53F00A3A645 /* HZTabBarController.m in Sources */,
				E450C7D1205B9F4200A3A645 /* HZBaseTableView.m in Sources */,
				E450C71E205A59E800A3A645 /* main.m in Sources */,
				E450C7DA205BA09400A3A645 /* HZBaseNavigationViewController.m in Sources */,
				E450C7EF205BA3D600A3A645 /* ClassificationController.m in Sources */,
				E450C7FC205BBB8B00A3A645 /* PersonalController.m in Sources */,
				E450C7E9205BA38100A3A645 /* BookShelfController.m in Sources */,
				E450C7D4205B9FB700A3A645 /* HZBaseCollectionView.m in Sources */,
				E450C7F2205BA3F100A3A645 /* DisCoveryController.m in Sources */,
				E450C710205A59E800A3A645 /* HZAppDelegate.m in Sources */,
				E450C7F8205BB78300A3A645 /* LGQSideViewController.m in Sources */,
				E450C7CE205B9F2000A3A645 /* HZBaseView.m in Sources */,
				E450C7D7205B9FCB00A3A645 /* HZBaseViewController.m in Sources */,
				E450C7EC205BA3B600A3A645 /* FeaturedAlbumController.m in Sources */,
			);
			runOnlyForDeploymentPostprocessing = 0;
		};
/* End PBXSourcesBuildPhase section */

/* Begin PBXVariantGroup section */
		E450C714205A59E800A3A645 /* Main.storyboard */ = {
			isa = PBXVariantGroup;
			children = (
				E450C715205A59E800A3A645 /* Base */,
			);
			name = Main.storyboard;
			sourceTree = "<group>";
		};
		E450C719205A59E800A3A645 /* LaunchScreen.storyboard */ = {
			isa = PBXVariantGroup;
			children = (
				E450C71A205A59E800A3A645 /* Base */,
			);
			name = LaunchScreen.storyboard;
			sourceTree = "<group>";
		};
/* End PBXVariantGroup section */

/* Begin XCBuildConfiguration section */
		E450C71F205A59E800A3A645 /* Debug */ = {
			isa = XCBuildConfiguration;
			buildSettings = {
				ALWAYS_SEARCH_USER_PATHS = NO;
				CLANG_ANALYZER_NONNULL = YES;
				CLANG_ANALYZER_NUMBER_OBJECT_CONVERSION = YES_AGGRESSIVE;
				CLANG_CXX_LANGUAGE_STANDARD = "gnu++14";
				CLANG_CXX_LIBRARY = "libc++";
				CLANG_ENABLE_MODULES = YES;
				CLANG_ENABLE_OBJC_ARC = YES;
				CLANG_WARN_BLOCK_CAPTURE_AUTORELEASING = YES;
				CLANG_WARN_BOOL_CONVERSION = YES;
				CLANG_WARN_COMMA = YES;
				CLANG_WARN_CONSTANT_CONVERSION = YES;
				CLANG_WARN_DIRECT_OBJC_ISA_USAGE = YES_ERROR;
				CLANG_WARN_DOCUMENTATION_COMMENTS = YES;
				CLANG_WARN_EMPTY_BODY = YES;
				CLANG_WARN_ENUM_CONVERSION = YES;
				CLANG_WARN_INFINITE_RECURSION = YES;
				CLANG_WARN_INT_CONVERSION = YES;
				CLANG_WARN_NON_LITERAL_NULL_CONVERSION = YES;
				CLANG_WARN_OBJC_LITERAL_CONVERSION = YES;
				CLANG_WARN_OBJC_ROOT_CLASS = YES_ERROR;
				CLANG_WARN_RANGE_LOOP_ANALYSIS = YES;
				CLANG_WARN_STRICT_PROTOTYPES = YES;
				CLANG_WARN_SUSPICIOUS_MOVE = YES;
				CLANG_WARN_UNGUARDED_AVAILABILITY = YES_AGGRESSIVE;
				CLANG_WARN_UNREACHABLE_CODE = YES;
				CLANG_WARN__DUPLICATE_METHOD_MATCH = YES;
				CODE_SIGN_IDENTITY = "iPhone Developer";
				COPY_PHASE_STRIP = NO;
				DEBUG_INFORMATION_FORMAT = dwarf;
				ENABLE_STRICT_OBJC_MSGSEND = YES;
				ENABLE_TESTABILITY = YES;
				GCC_C_LANGUAGE_STANDARD = gnu11;
				GCC_DYNAMIC_NO_PIC = NO;
				GCC_NO_COMMON_BLOCKS = YES;
				GCC_OPTIMIZATION_LEVEL = 0;
				GCC_PREPROCESSOR_DEFINITIONS = (
					"DEBUG=1",
					"$(inherited)",
				);
				GCC_WARN_64_TO_32_BIT_CONVERSION = YES;
				GCC_WARN_ABOUT_RETURN_TYPE = YES_ERROR;
				GCC_WARN_UNDECLARED_SELECTOR = YES;
				GCC_WARN_UNINITIALIZED_AUTOS = YES_AGGRESSIVE;
				GCC_WARN_UNUSED_FUNCTION = YES;
				GCC_WARN_UNUSED_VARIABLE = YES;
				IPHONEOS_DEPLOYMENT_TARGET = 11.2;
				MTL_ENABLE_DEBUG_INFO = YES;
				ONLY_ACTIVE_ARCH = YES;
				SDKROOT = iphoneos;
			};
			name = Debug;
		};
		E450C720205A59E800A3A645 /* Release */ = {
			isa = XCBuildConfiguration;
			buildSettings = {
				ALWAYS_SEARCH_USER_PATHS = NO;
				CLANG_ANALYZER_NONNULL = YES;
				CLANG_ANALYZER_NUMBER_OBJECT_CONVERSION = YES_AGGRESSIVE;
				CLANG_CXX_LANGUAGE_STANDARD = "gnu++14";
				CLANG_CXX_LIBRARY = "libc++";
				CLANG_ENABLE_MODULES = YES;
				CLANG_ENABLE_OBJC_ARC = YES;
				CLANG_WARN_BLOCK_CAPTURE_AUTORELEASING = YES;
				CLANG_WARN_BOOL_CONVERSION = YES;
				CLANG_WARN_COMMA = YES;
				CLANG_WARN_CONSTANT_CONVERSION = YES;
				CLANG_WARN_DIRECT_OBJC_ISA_USAGE = YES_ERROR;
				CLANG_WARN_DOCUMENTATION_COMMENTS = YES;
				CLANG_WARN_EMPTY_BODY = YES;
				CLANG_WARN_ENUM_CONVERSION = YES;
				CLANG_WARN_INFINITE_RECURSION = YES;
				CLANG_WARN_INT_CONVERSION = YES;
				CLANG_WARN_NON_LITERAL_NULL_CONVERSION = YES;
				CLANG_WARN_OBJC_LITERAL_CONVERSION = YES;
				CLANG_WARN_OBJC_ROOT_CLASS = YES_ERROR;
				CLANG_WARN_RANGE_LOOP_ANALYSIS = YES;
				CLANG_WARN_STRICT_PROTOTYPES = YES;
				CLANG_WARN_SUSPICIOUS_MOVE = YES;
				CLANG_WARN_UNGUARDED_AVAILABILITY = YES_AGGRESSIVE;
				CLANG_WARN_UNREACHABLE_CODE = YES;
				CLANG_WARN__DUPLICATE_METHOD_MATCH = YES;
				CODE_SIGN_IDENTITY = "iPhone Developer";
				COPY_PHASE_STRIP = NO;
				DEBUG_INFORMATION_FORMAT = "dwarf-with-dsym";
				ENABLE_NS_ASSERTIONS = NO;
				ENABLE_STRICT_OBJC_MSGSEND = YES;
				GCC_C_LANGUAGE_STANDARD = gnu11;
				GCC_NO_COMMON_BLOCKS = YES;
				GCC_WARN_64_TO_32_BIT_CONVERSION = YES;
				GCC_WARN_ABOUT_RETURN_TYPE = YES_ERROR;
				GCC_WARN_UNDECLARED_SELECTOR = YES;
				GCC_WARN_UNINITIALIZED_AUTOS = YES_AGGRESSIVE;
				GCC_WARN_UNUSED_FUNCTION = YES;
				GCC_WARN_UNUSED_VARIABLE = YES;
				IPHONEOS_DEPLOYMENT_TARGET = 11.2;
				MTL_ENABLE_DEBUG_INFO = NO;
				SDKROOT = iphoneos;
				VALIDATE_PRODUCT = YES;
			};
			name = Release;
		};
		E450C722205A59E800A3A645 /* Debug */ = {
			isa = XCBuildConfiguration;
			buildSettings = {
				ASSETCATALOG_COMPILER_APPICON_NAME = AppIcon;
				CODE_SIGN_STYLE = Manual;
				DEVELOPMENT_TEAM = "";
				INFOPLIST_FILE = BookReader/Info.plist;
				IPHONEOS_DEPLOYMENT_TARGET = 8.0;
				LD_RUNPATH_SEARCH_PATHS = "$(inherited) @executable_path/Frameworks";
				PRODUCT_BUNDLE_IDENTIFIER = com.skysea.BookReader;
				PRODUCT_NAME = "$(TARGET_NAME)";
				PROVISIONING_PROFILE_SPECIFIER = "";
				TARGETED_DEVICE_FAMILY = 1;
			};
			name = Debug;
		};
		E450C723205A59E800A3A645 /* Release */ = {
			isa = XCBuildConfiguration;
			buildSettings = {
				ASSETCATALOG_COMPILER_APPICON_NAME = AppIcon;
				CODE_SIGN_STYLE = Manual;
				DEVELOPMENT_TEAM = "";
				INFOPLIST_FILE = BookReader/Info.plist;
				IPHONEOS_DEPLOYMENT_TARGET = 8.0;
				LD_RUNPATH_SEARCH_PATHS = "$(inherited) @executable_path/Frameworks";
				PRODUCT_BUNDLE_IDENTIFIER = com.skysea.BookReader;
				PRODUCT_NAME = "$(TARGET_NAME)";
				PROVISIONING_PROFILE_SPECIFIER = "";
				TARGETED_DEVICE_FAMILY = 1;
			};
			name = Release;
		};
/* End XCBuildConfiguration section */

/* Begin XCConfigurationList section */
		E450C706205A59E800A3A645 /* Build configuration list for PBXProject "BookReader" */ = {
			isa = XCConfigurationList;
			buildConfigurations = (
				E450C71F205A59E800A3A645 /* Debug */,
				E450C720205A59E800A3A645 /* Release */,
			);
			defaultConfigurationIsVisible = 0;
			defaultConfigurationName = Release;
		};
		E450C721205A59E800A3A645 /* Build configuration list for PBXNativeTarget "BookReader" */ = {
			isa = XCConfigurationList;
			buildConfigurations = (
				E450C722205A59E800A3A645 /* Debug */,
				E450C723205A59E800A3A645 /* Release */,
			);
			defaultConfigurationIsVisible = 0;
			defaultConfigurationName = Release;
		};
/* End XCConfigurationList section */
	};
	rootObject = E450C703205A59E800A3A645 /* Project object */;
}
