// !$*UTF8*$!
{
	archiveVersion = 1;
	classes = {
	};
	objectVersion = 48;
	objects = {

/* Begin PBXBuildFile section */
		E445AFA6205ED1A1004DEE85 /* NSString+RectSize.m in Sources */ = {isa = PBXBuildFile; fileRef = E445AF96205ED1A1004DEE85 /* NSString+RectSize.m */; };
		E445AFA9205ED1A1004DEE85 /* UIImage+Utilities.m in Sources */ = {isa = PBXBuildFile; fileRef = E445AF9B205ED1A1004DEE85 /* UIImage+Utilities.m */; };
		E445AFAB205ED1A1004DEE85 /* NSString+MD5.m in Sources */ = {isa = PBXBuildFile; fileRef = E445AF9E205ED1A1004DEE85 /* NSString+MD5.m */; };
		E445AFAD205ED1A1004DEE85 /* NSString+UUID.m in Sources */ = {isa = PBXBuildFile; fileRef = E445AFA0205ED1A1004DEE85 /* NSString+UUID.m */; };
		E445AFAF205ED1A1004DEE85 /* NSString+Verification.m in Sources */ = {isa = PBXBuildFile; fileRef = E445AFA3205ED1A1004DEE85 /* NSString+Verification.m */; };
		E445AFB2205ED402004DEE85 /* NSObject+Swizzle.m in Sources */ = {isa = PBXBuildFile; fileRef = E445AFB1205ED402004DEE85 /* NSObject+Swizzle.m */; };
		E450C710205A59E800A3A645 /* HZAppDelegate.m in Sources */ = {isa = PBXBuildFile; fileRef = E450C70F205A59E800A3A645 /* HZAppDelegate.m */; };
		E450C716205A59E800A3A645 /* Main.storyboard in Resources */ = {isa = PBXBuildFile; fileRef = E450C714205A59E800A3A645 /* Main.storyboard */; };
		E450C718205A59E800A3A645 /* Assets.xcassets in Resources */ = {isa = PBXBuildFile; fileRef = E450C717205A59E800A3A645 /* Assets.xcassets */; };
		E450C71B205A59E800A3A645 /* LaunchScreen.storyboard in Resources */ = {isa = PBXBuildFile; fileRef = E450C719205A59E800A3A645 /* LaunchScreen.storyboard */; };
		E450C71E205A59E800A3A645 /* main.m in Sources */ = {isa = PBXBuildFile; fileRef = E450C71D205A59E800A3A645 /* main.m */; };
		E450C7CE205B9F2000A3A645 /* HZBaseView.m in Sources */ = {isa = PBXBuildFile; fileRef = E450C7CD205B9F2000A3A645 /* HZBaseView.m */; };
		E450C7D1205B9F4200A3A645 /* HZBaseTableView.m in Sources */ = {isa = PBXBuildFile; fileRef = E450C7D0205B9F4200A3A645 /* HZBaseTableView.m */; };
		E450C7D4205B9FB700A3A645 /* HZBaseCollectionView.m in Sources */ = {isa = PBXBuildFile; fileRef = E450C7D3205B9FB700A3A645 /* HZBaseCollectionView.m */; };
		E450C7D7205B9FCB00A3A645 /* HZBaseViewController.m in Sources */ = {isa = PBXBuildFile; fileRef = E450C7D6205B9FCB00A3A645 /* HZBaseViewController.m */; };
		E450C7DA205BA09400A3A645 /* HZBaseNavigationViewController.m in Sources */ = {isa = PBXBuildFile; fileRef = E450C7D9205BA09400A3A645 /* HZBaseNavigationViewController.m */; };
		E450C7E9205BA38100A3A645 /* BookShelfController.m in Sources */ = {isa = PBXBuildFile; fileRef = E450C7E8205BA38100A3A645 /* BookShelfController.m */; };
		E450C7EC205BA3B600A3A645 /* FeaturedAlbumController.m in Sources */ = {isa = PBXBuildFile; fileRef = E450C7EB205BA3B600A3A645 /* FeaturedAlbumController.m */; };
		E450C7EF205BA3D600A3A645 /* ClassificationController.m in Sources */ = {isa = PBXBuildFile; fileRef = E450C7EE205BA3D600A3A645 /* ClassificationController.m */; };
		E450C7F2205BA3F100A3A645 /* DisCoveryController.m in Sources */ = {isa = PBXBuildFile; fileRef = E450C7F1205BA3F100A3A645 /* DisCoveryController.m */; };
		E450C7F5205BA53F00A3A645 /* HZTabBarController.m in Sources */ = {isa = PBXBuildFile; fileRef = E450C7F4205BA53F00A3A645 /* HZTabBarController.m */; };
		E450C7F8205BB78300A3A645 /* LGQSideViewController.m in Sources */ = {isa = PBXBuildFile; fileRef = E450C7F7205BB78200A3A645 /* LGQSideViewController.m */; };
		E450C7FC205BBB8B00A3A645 /* PersonalController.m in Sources */ = {isa = PBXBuildFile; fileRef = E450C7FB205BBB8B00A3A645 /* PersonalController.m */; };
		E450C7FF205BD0D300A3A645 /* File in Resources */ = {isa = PBXBuildFile; fileRef = E450C7FE205BD0D300A3A645 /* File */; };
		E450C80E205BD1F200A3A645 /* AFURLResponseSerialization.m in Sources */ = {isa = PBXBuildFile; fileRef = E450C805205BD1F100A3A645 /* AFURLResponseSerialization.m */; };
		E450C80F205BD1F200A3A645 /* AFHTTPSessionManager.m in Sources */ = {isa = PBXBuildFile; fileRef = E450C806205BD1F100A3A645 /* AFHTTPSessionManager.m */; };
		E450C810205BD1F200A3A645 /* AFURLSessionManager.m in Sources */ = {isa = PBXBuildFile; fileRef = E450C808205BD1F100A3A645 /* AFURLSessionManager.m */; };
		E450C811205BD1F200A3A645 /* AFURLRequestSerialization.m in Sources */ = {isa = PBXBuildFile; fileRef = E450C809205BD1F100A3A645 /* AFURLRequestSerialization.m */; };
		E450C812205BD1F200A3A645 /* AFNetworkReachabilityManager.m in Sources */ = {isa = PBXBuildFile; fileRef = E450C80B205BD1F100A3A645 /* AFNetworkReachabilityManager.m */; };
		E450C813205BD1F200A3A645 /* AFSecurityPolicy.m in Sources */ = {isa = PBXBuildFile; fileRef = E450C80C205BD1F100A3A645 /* AFSecurityPolicy.m */; };
		E450C816205BD20600A3A645 /* CFNetwork.framework in Frameworks */ = {isa = PBXBuildFile; fileRef = E450C815205BD20600A3A645 /* CFNetwork.framework */; };
		E450C832205BD25E00A3A645 /* NSLayoutConstraint+MASDebugAdditions.m in Sources */ = {isa = PBXBuildFile; fileRef = E450C819205BD25E00A3A645 /* NSLayoutConstraint+MASDebugAdditions.m */; };
		E450C833205BD25E00A3A645 /* ViewController+MASAdditions.m in Sources */ = {isa = PBXBuildFile; fileRef = E450C822205BD25E00A3A645 /* ViewController+MASAdditions.m */; };
		E450C834205BD25E00A3A645 /* MASCompositeConstraint.m in Sources */ = {isa = PBXBuildFile; fileRef = E450C826205BD25E00A3A645 /* MASCompositeConstraint.m */; };
		E450C835205BD25E00A3A645 /* MASConstraintMaker.m in Sources */ = {isa = PBXBuildFile; fileRef = E450C827205BD25E00A3A645 /* MASConstraintMaker.m */; };
		E450C836205BD25E00A3A645 /* MASLayoutConstraint.m in Sources */ = {isa = PBXBuildFile; fileRef = E450C828205BD25E00A3A645 /* MASLayoutConstraint.m */; };
		E450C837205BD25E00A3A645 /* NSArray+MASAdditions.m in Sources */ = {isa = PBXBuildFile; fileRef = E450C829205BD25E00A3A645 /* NSArray+MASAdditions.m */; };
		E450C838205BD25E00A3A645 /* View+MASAdditions.m in Sources */ = {isa = PBXBuildFile; fileRef = E450C82A205BD25E00A3A645 /* View+MASAdditions.m */; };
		E450C839205BD25E00A3A645 /* MASConstraint.m in Sources */ = {isa = PBXBuildFile; fileRef = E450C82D205BD25E00A3A645 /* MASConstraint.m */; };
		E450C83A205BD25E00A3A645 /* MASViewConstraint.m in Sources */ = {isa = PBXBuildFile; fileRef = E450C82F205BD25E00A3A645 /* MASViewConstraint.m */; };
		E450C83B205BD25E00A3A645 /* MASViewAttribute.m in Sources */ = {isa = PBXBuildFile; fileRef = E450C830205BD25E00A3A645 /* MASViewAttribute.m */; };
		E450C83C205BD25E00A3A645 /* Info.plist in Resources */ = {isa = PBXBuildFile; fileRef = E450C831205BD25E00A3A645 /* Info.plist */; };
		E450C87C205BD2CF00A3A645 /* UIImage+WebP.m in Sources */ = {isa = PBXBuildFile; fileRef = E450C83F205BD2CF00A3A645 /* UIImage+WebP.m */; };
		E450C87D205BD2CF00A3A645 /* MKAnnotationView+WebCache.m in Sources */ = {isa = PBXBuildFile; fileRef = E450C840205BD2CF00A3A645 /* MKAnnotationView+WebCache.m */; };
		E450C87E205BD2CF00A3A645 /* SDWebImageManager.m in Sources */ = {isa = PBXBuildFile; fileRef = E450C847205BD2CF00A3A645 /* SDWebImageManager.m */; };
		E450C87F205BD2CF00A3A645 /* UIImageView+HighlightedWebCache.m in Sources */ = {isa = PBXBuildFile; fileRef = E450C849205BD2CF00A3A645 /* UIImageView+HighlightedWebCache.m */; };
		E450C880205BD2CF00A3A645 /* SDWebImageFrame.m in Sources */ = {isa = PBXBuildFile; fileRef = E450C84A205BD2CF00A3A645 /* SDWebImageFrame.m */; };
		E450C881205BD2CF00A3A645 /* UIImage+ForceDecode.m in Sources */ = {isa = PBXBuildFile; fileRef = E450C84C205BD2CF00A3A645 /* UIImage+ForceDecode.m */; };
		E450C882205BD2CF00A3A645 /* SDWebImageCodersManager.m in Sources */ = {isa = PBXBuildFile; fileRef = E450C84E205BD2CF00A3A645 /* SDWebImageCodersManager.m */; };
		E450C884205BD2CF00A3A645 /* SDWebImageDownloader.m in Sources */ = {isa = PBXBuildFile; fileRef = E450C852205BD2CF00A3A645 /* SDWebImageDownloader.m */; };
		E450C885205BD2CF00A3A645 /* UIImage+GIF.m in Sources */ = {isa = PBXBuildFile; fileRef = E450C855205BD2CF00A3A645 /* UIImage+GIF.m */; };
		E450C886205BD2CF00A3A645 /* UIImage+MultiFormat.m in Sources */ = {isa = PBXBuildFile; fileRef = E450C857205BD2CF00A3A645 /* UIImage+MultiFormat.m */; };
		E450C887205BD2CF00A3A645 /* SDWebImageCoderHelper.m in Sources */ = {isa = PBXBuildFile; fileRef = E450C858205BD2CF00A3A645 /* SDWebImageCoderHelper.m */; };
		E450C888205BD2CF00A3A645 /* SDWebImageCompat.m in Sources */ = {isa = PBXBuildFile; fileRef = E450C859205BD2CF00A3A645 /* SDWebImageCompat.m */; };
		E450C889205BD2CF00A3A645 /* SDWebImagePrefetcher.m in Sources */ = {isa = PBXBuildFile; fileRef = E450C85B205BD2CF00A3A645 /* SDWebImagePrefetcher.m */; };
		E450C88A205BD2CF00A3A645 /* SDWebImageCoder.m in Sources */ = {isa = PBXBuildFile; fileRef = E450C85E205BD2CF00A3A645 /* SDWebImageCoder.m */; };
		E450C88B205BD2CF00A3A645 /* NSButton+WebCache.m in Sources */ = {isa = PBXBuildFile; fileRef = E450C85F205BD2CF00A3A645 /* NSButton+WebCache.m */; };
		E450C88C205BD2CF00A3A645 /* SDAnimatedImageRep.m in Sources */ = {isa = PBXBuildFile; fileRef = E450C862205BD2CF00A3A645 /* SDAnimatedImageRep.m */; };
		E450C88D205BD2CF00A3A645 /* SDImageCache.m in Sources */ = {isa = PBXBuildFile; fileRef = E450C863205BD2CF00A3A645 /* SDImageCache.m */; };
		E450C88E205BD2CF00A3A645 /* SDWebImageDownloaderOperation.m in Sources */ = {isa = PBXBuildFile; fileRef = E450C866205BD2CF00A3A645 /* SDWebImageDownloaderOperation.m */; };
		E450C88F205BD2CF00A3A645 /* SDWebImageTransition.m in Sources */ = {isa = PBXBuildFile; fileRef = E450C867205BD2CF00A3A645 /* SDWebImageTransition.m */; };
		E450C890205BD2CF00A3A645 /* NSData+ImageContentType.m in Sources */ = {isa = PBXBuildFile; fileRef = E450C869205BD2CF00A3A645 /* NSData+ImageContentType.m */; };
		E450C891205BD2CF00A3A645 /* UIImageView+WebCache.m in Sources */ = {isa = PBXBuildFile; fileRef = E450C86A205BD2CF00A3A645 /* UIImageView+WebCache.m */; };
		E450C892205BD2CF00A3A645 /* NSImage+WebCache.m in Sources */ = {isa = PBXBuildFile; fileRef = E450C86C205BD2CF00A3A645 /* NSImage+WebCache.m */; };
		E450C893205BD2CF00A3A645 /* SDWebImageGIFCoder.m in Sources */ = {isa = PBXBuildFile; fileRef = E450C86D205BD2CF00A3A645 /* SDWebImageGIFCoder.m */; };
		E450C894205BD2CF00A3A645 /* SDImageCacheConfig.m in Sources */ = {isa = PBXBuildFile; fileRef = E450C86F205BD2CF00A3A645 /* SDImageCacheConfig.m */; };
		E450C895205BD2CF00A3A645 /* UIView+WebCacheOperation.m in Sources */ = {isa = PBXBuildFile; fileRef = E450C872205BD2CF00A3A645 /* UIView+WebCacheOperation.m */; };
		E450C896205BD2CF00A3A645 /* UIView+WebCache.m in Sources */ = {isa = PBXBuildFile; fileRef = E450C873205BD2CF00A3A645 /* UIView+WebCache.m */; };
		E450C897205BD2CF00A3A645 /* SDWebImageImageIOCoder.m in Sources */ = {isa = PBXBuildFile; fileRef = E450C875205BD2CF00A3A645 /* SDWebImageImageIOCoder.m */; };
		E450C898205BD2CF00A3A645 /* UIButton+WebCache.m in Sources */ = {isa = PBXBuildFile; fileRef = E450C879205BD2CF00A3A645 /* UIButton+WebCache.m */; };
		E450C899205BD2CF00A3A645 /* SDWebImageWebPCoder.m in Sources */ = {isa = PBXBuildFile; fileRef = E450C87A205BD2CF00A3A645 /* SDWebImageWebPCoder.m */; };
		E450C8C9205BD3C800A3A645 /* UIScrollView+MJRefresh.m in Sources */ = {isa = PBXBuildFile; fileRef = E450C89B205BD3C800A3A645 /* UIScrollView+MJRefresh.m */; };
		E450C8CA205BD3C800A3A645 /* MJRefreshConst.m in Sources */ = {isa = PBXBuildFile; fileRef = E450C89C205BD3C800A3A645 /* MJRefreshConst.m */; };
		E450C8CB205BD3C800A3A645 /* MJRefresh.bundle in Resources */ = {isa = PBXBuildFile; fileRef = E450C8A0205BD3C800A3A645 /* MJRefresh.bundle */; };
		E450C8CC205BD3C800A3A645 /* UIScrollView+MJExtension.m in Sources */ = {isa = PBXBuildFile; fileRef = E450C8A2205BD3C800A3A645 /* UIScrollView+MJExtension.m */; };
		E450C8CD205BD3C800A3A645 /* NSBundle+MJRefresh.m in Sources */ = {isa = PBXBuildFile; fileRef = E450C8A5205BD3C800A3A645 /* NSBundle+MJRefresh.m */; };
		E450C8CE205BD3C800A3A645 /* UIView+MJExtension.m in Sources */ = {isa = PBXBuildFile; fileRef = E450C8A6205BD3C800A3A645 /* UIView+MJExtension.m */; };
		E450C8CF205BD3C800A3A645 /* MJRefreshBackGifFooter.m in Sources */ = {isa = PBXBuildFile; fileRef = E450C8AD205BD3C800A3A645 /* MJRefreshBackGifFooter.m */; };
		E450C8D0205BD3C800A3A645 /* MJRefreshBackStateFooter.m in Sources */ = {isa = PBXBuildFile; fileRef = E450C8AE205BD3C800A3A645 /* MJRefreshBackStateFooter.m */; };
		E450C8D1205BD3C800A3A645 /* MJRefreshBackNormalFooter.m in Sources */ = {isa = PBXBuildFile; fileRef = E450C8AF205BD3C800A3A645 /* MJRefreshBackNormalFooter.m */; };
		E450C8D2205BD3C800A3A645 /* MJRefreshAutoStateFooter.m in Sources */ = {isa = PBXBuildFile; fileRef = E450C8B4205BD3C800A3A645 /* MJRefreshAutoStateFooter.m */; };
		E450C8D3205BD3C800A3A645 /* MJRefreshAutoGifFooter.m in Sources */ = {isa = PBXBuildFile; fileRef = E450C8B5205BD3C800A3A645 /* MJRefreshAutoGifFooter.m */; };
		E450C8D4205BD3C800A3A645 /* MJRefreshAutoNormalFooter.m in Sources */ = {isa = PBXBuildFile; fileRef = E450C8B6205BD3C800A3A645 /* MJRefreshAutoNormalFooter.m */; };
		E450C8D5205BD3C800A3A645 /* MJRefreshNormalHeader.m in Sources */ = {isa = PBXBuildFile; fileRef = E450C8B8205BD3C800A3A645 /* MJRefreshNormalHeader.m */; };
		E450C8D6205BD3C800A3A645 /* MJRefreshStateHeader.m in Sources */ = {isa = PBXBuildFile; fileRef = E450C8BC205BD3C800A3A645 /* MJRefreshStateHeader.m */; };
		E450C8D7205BD3C800A3A645 /* MJRefreshGifHeader.m in Sources */ = {isa = PBXBuildFile; fileRef = E450C8BD205BD3C800A3A645 /* MJRefreshGifHeader.m */; };
		E450C8D8205BD3C800A3A645 /* MJRefreshFooter.m in Sources */ = {isa = PBXBuildFile; fileRef = E450C8BF205BD3C800A3A645 /* MJRefreshFooter.m */; };
		E450C8D9205BD3C800A3A645 /* MJRefreshHeader.m in Sources */ = {isa = PBXBuildFile; fileRef = E450C8C1205BD3C800A3A645 /* MJRefreshHeader.m */; };
		E450C8DA205BD3C800A3A645 /* MJRefreshBackFooter.m in Sources */ = {isa = PBXBuildFile; fileRef = E450C8C3205BD3C800A3A645 /* MJRefreshBackFooter.m */; };
		E450C8DB205BD3C800A3A645 /* MJRefreshAutoFooter.m in Sources */ = {isa = PBXBuildFile; fileRef = E450C8C4205BD3C800A3A645 /* MJRefreshAutoFooter.m */; };
		E450C8DC205BD3C800A3A645 /* MJRefreshComponent.m in Sources */ = {isa = PBXBuildFile; fileRef = E450C8C6205BD3C800A3A645 /* MJRefreshComponent.m */; };
		E450C8E2205E50B600A3A645 /* HZHttpSender.m in Sources */ = {isa = PBXBuildFile; fileRef = E450C8E1205E50B500A3A645 /* HZHttpSender.m */; };
		E450C8E5205E510400A3A645 /* HZURLRequest.m in Sources */ = {isa = PBXBuildFile; fileRef = E450C8E4205E510400A3A645 /* HZURLRequest.m */; };
		E450C90D205E526800A3A645 /* HZResponse.m in Sources */ = {isa = PBXBuildFile; fileRef = E450C90C205E526800A3A645 /* HZResponse.m */; };
		E450C910205E754D00A3A645 /* HZModule.m in Sources */ = {isa = PBXBuildFile; fileRef = E450C90F205E754D00A3A645 /* HZModule.m */; };
		E450C917205E7E1E00A3A645 /* HZBookModuleManger.m in Sources */ = {isa = PBXBuildFile; fileRef = E450C916205E7E1E00A3A645 /* HZBookModuleManger.m */; };
		E450C91B205E838E00A3A645 /* HZBaseModel.m in Sources */ = {isa = PBXBuildFile; fileRef = E450C91A205E838E00A3A645 /* HZBaseModel.m */; };
		E450C920205E83CA00A3A645 /* BookModel.m in Sources */ = {isa = PBXBuildFile; fileRef = E450C91F205E83CA00A3A645 /* BookModel.m */; };
		E450C928205EB83D00A3A645 /* HZServerAddressManager.m in Sources */ = {isa = PBXBuildFile; fileRef = E450C927205EB83D00A3A645 /* HZServerAddressManager.m */; };
		E450C929205EBFF800A3A645 /* HZCentralManager.m in Sources */ = {isa = PBXBuildFile; fileRef = E450C912205E760600A3A645 /* HZCentralManager.m */; };
/* End PBXBuildFile section */

/* Begin PBXFileReference section */
		E445AF8F205ED1A1004DEE85 /* UIImage+Utilities.h */ = {isa = PBXFileReference; fileEncoding = 4; lastKnownFileType = sourcecode.c.h; path = "UIImage+Utilities.h"; sourceTree = "<group>"; };
		E445AF91205ED1A1004DEE85 /* NSString+UUID.h */ = {isa = PBXFileReference; fileEncoding = 4; lastKnownFileType = sourcecode.c.h; path = "NSString+UUID.h"; sourceTree = "<group>"; };
		E445AF93205ED1A1004DEE85 /* NSString+MD5.h */ = {isa = PBXFileReference; fileEncoding = 4; lastKnownFileType = sourcecode.c.h; path = "NSString+MD5.h"; sourceTree = "<group>"; };
		E445AF96205ED1A1004DEE85 /* NSString+RectSize.m */ = {isa = PBXFileReference; fileEncoding = 4; lastKnownFileType = sourcecode.c.objc; path = "NSString+RectSize.m"; sourceTree = "<group>"; };
		E445AF99205ED1A1004DEE85 /* NSString+Verification.h */ = {isa = PBXFileReference; fileEncoding = 4; lastKnownFileType = sourcecode.c.h; path = "NSString+Verification.h"; sourceTree = "<group>"; };
		E445AF9B205ED1A1004DEE85 /* UIImage+Utilities.m */ = {isa = PBXFileReference; fileEncoding = 4; lastKnownFileType = sourcecode.c.objc; path = "UIImage+Utilities.m"; sourceTree = "<group>"; };
		E445AF9E205ED1A1004DEE85 /* NSString+MD5.m */ = {isa = PBXFileReference; fileEncoding = 4; lastKnownFileType = sourcecode.c.objc; path = "NSString+MD5.m"; sourceTree = "<group>"; };
		E445AFA0205ED1A1004DEE85 /* NSString+UUID.m */ = {isa = PBXFileReference; fileEncoding = 4; lastKnownFileType = sourcecode.c.objc; path = "NSString+UUID.m"; sourceTree = "<group>"; };
		E445AFA3205ED1A1004DEE85 /* NSString+Verification.m */ = {isa = PBXFileReference; fileEncoding = 4; lastKnownFileType = sourcecode.c.objc; path = "NSString+Verification.m"; sourceTree = "<group>"; };
		E445AFA4205ED1A1004DEE85 /* NSString+RectSize.h */ = {isa = PBXFileReference; fileEncoding = 4; lastKnownFileType = sourcecode.c.h; path = "NSString+RectSize.h"; sourceTree = "<group>"; };
		E445AFB0205ED402004DEE85 /* NSObject+Swizzle.h */ = {isa = PBXFileReference; fileEncoding = 4; lastKnownFileType = sourcecode.c.h; path = "NSObject+Swizzle.h"; sourceTree = "<group>"; };
		E445AFB1205ED402004DEE85 /* NSObject+Swizzle.m */ = {isa = PBXFileReference; fileEncoding = 4; lastKnownFileType = sourcecode.c.objc; path = "NSObject+Swizzle.m"; sourceTree = "<group>"; };
		E450C70B205A59E800A3A645 /* BookReader.app */ = {isa = PBXFileReference; explicitFileType = wrapper.application; includeInIndex = 0; path = BookReader.app; sourceTree = BUILT_PRODUCTS_DIR; };
		E450C70E205A59E800A3A645 /* HZAppDelegate.h */ = {isa = PBXFileReference; lastKnownFileType = sourcecode.c.h; path = HZAppDelegate.h; sourceTree = "<group>"; };
		E450C70F205A59E800A3A645 /* HZAppDelegate.m */ = {isa = PBXFileReference; lastKnownFileType = sourcecode.c.objc; path = HZAppDelegate.m; sourceTree = "<group>"; };
		E450C715205A59E800A3A645 /* Base */ = {isa = PBXFileReference; lastKnownFileType = file.storyboard; name = Base; path = Base.lproj/Main.storyboard; sourceTree = "<group>"; };
		E450C717205A59E800A3A645 /* Assets.xcassets */ = {isa = PBXFileReference; lastKnownFileType = folder.assetcatalog; path = Assets.xcassets; sourceTree = "<group>"; };
		E450C71A205A59E800A3A645 /* Base */ = {isa = PBXFileReference; lastKnownFileType = file.storyboard; name = Base; path = Base.lproj/LaunchScreen.storyboard; sourceTree = "<group>"; };
		E450C71C205A59E800A3A645 /* Info.plist */ = {isa = PBXFileReference; lastKnownFileType = text.plist.xml; path = Info.plist; sourceTree = "<group>"; };
		E450C71D205A59E800A3A645 /* main.m */ = {isa = PBXFileReference; lastKnownFileType = sourcecode.c.objc; path = main.m; sourceTree = "<group>"; };
		E450C7CC205B9F2000A3A645 /* HZBaseView.h */ = {isa = PBXFileReference; lastKnownFileType = sourcecode.c.h; path = HZBaseView.h; sourceTree = "<group>"; };
		E450C7CD205B9F2000A3A645 /* HZBaseView.m */ = {isa = PBXFileReference; lastKnownFileType = sourcecode.c.objc; path = HZBaseView.m; sourceTree = "<group>"; };
		E450C7CF205B9F4200A3A645 /* HZBaseTableView.h */ = {isa = PBXFileReference; lastKnownFileType = sourcecode.c.h; path = HZBaseTableView.h; sourceTree = "<group>"; };
		E450C7D0205B9F4200A3A645 /* HZBaseTableView.m */ = {isa = PBXFileReference; lastKnownFileType = sourcecode.c.objc; path = HZBaseTableView.m; sourceTree = "<group>"; };
		E450C7D2205B9FB700A3A645 /* HZBaseCollectionView.h */ = {isa = PBXFileReference; lastKnownFileType = sourcecode.c.h; path = HZBaseCollectionView.h; sourceTree = "<group>"; };
		E450C7D3205B9FB700A3A645 /* HZBaseCollectionView.m */ = {isa = PBXFileReference; lastKnownFileType = sourcecode.c.objc; path = HZBaseCollectionView.m; sourceTree = "<group>"; };
		E450C7D5205B9FCB00A3A645 /* HZBaseViewController.h */ = {isa = PBXFileReference; lastKnownFileType = sourcecode.c.h; path = HZBaseViewController.h; sourceTree = "<group>"; };
		E450C7D6205B9FCB00A3A645 /* HZBaseViewController.m */ = {isa = PBXFileReference; lastKnownFileType = sourcecode.c.objc; path = HZBaseViewController.m; sourceTree = "<group>"; };
		E450C7D8205BA09400A3A645 /* HZBaseNavigationViewController.h */ = {isa = PBXFileReference; lastKnownFileType = sourcecode.c.h; path = HZBaseNavigationViewController.h; sourceTree = "<group>"; };
		E450C7D9205BA09400A3A645 /* HZBaseNavigationViewController.m */ = {isa = PBXFileReference; lastKnownFileType = sourcecode.c.objc; path = HZBaseNavigationViewController.m; sourceTree = "<group>"; };
		E450C7E7205BA38100A3A645 /* BookShelfController.h */ = {isa = PBXFileReference; lastKnownFileType = sourcecode.c.h; path = BookShelfController.h; sourceTree = "<group>"; };
		E450C7E8205BA38100A3A645 /* BookShelfController.m */ = {isa = PBXFileReference; lastKnownFileType = sourcecode.c.objc; path = BookShelfController.m; sourceTree = "<group>"; };
		E450C7EA205BA3B600A3A645 /* FeaturedAlbumController.h */ = {isa = PBXFileReference; lastKnownFileType = sourcecode.c.h; path = FeaturedAlbumController.h; sourceTree = "<group>"; };
		E450C7EB205BA3B600A3A645 /* FeaturedAlbumController.m */ = {isa = PBXFileReference; lastKnownFileType = sourcecode.c.objc; path = FeaturedAlbumController.m; sourceTree = "<group>"; };
		E450C7ED205BA3D600A3A645 /* ClassificationController.h */ = {isa = PBXFileReference; lastKnownFileType = sourcecode.c.h; path = ClassificationController.h; sourceTree = "<group>"; };
		E450C7EE205BA3D600A3A645 /* ClassificationController.m */ = {isa = PBXFileReference; lastKnownFileType = sourcecode.c.objc; path = ClassificationController.m; sourceTree = "<group>"; };
		E450C7F0205BA3F100A3A645 /* DisCoveryController.h */ = {isa = PBXFileReference; lastKnownFileType = sourcecode.c.h; path = DisCoveryController.h; sourceTree = "<group>"; };
		E450C7F1205BA3F100A3A645 /* DisCoveryController.m */ = {isa = PBXFileReference; lastKnownFileType = sourcecode.c.objc; path = DisCoveryController.m; sourceTree = "<group>"; };
		E450C7F3205BA53F00A3A645 /* HZTabBarController.h */ = {isa = PBXFileReference; lastKnownFileType = sourcecode.c.h; path = HZTabBarController.h; sourceTree = "<group>"; };
		E450C7F4205BA53F00A3A645 /* HZTabBarController.m */ = {isa = PBXFileReference; lastKnownFileType = sourcecode.c.objc; path = HZTabBarController.m; sourceTree = "<group>"; };
		E450C7F6205BB78200A3A645 /* LGQSideViewController.h */ = {isa = PBXFileReference; fileEncoding = 4; lastKnownFileType = sourcecode.c.h; path = LGQSideViewController.h; sourceTree = "<group>"; };
		E450C7F7205BB78200A3A645 /* LGQSideViewController.m */ = {isa = PBXFileReference; fileEncoding = 4; lastKnownFileType = sourcecode.c.objc; path = LGQSideViewController.m; sourceTree = "<group>"; };
		E450C7FA205BBB8B00A3A645 /* PersonalController.h */ = {isa = PBXFileReference; lastKnownFileType = sourcecode.c.h; path = PersonalController.h; sourceTree = "<group>"; };
		E450C7FB205BBB8B00A3A645 /* PersonalController.m */ = {isa = PBXFileReference; lastKnownFileType = sourcecode.c.objc; path = PersonalController.m; sourceTree = "<group>"; };
		E450C7FE205BD0D300A3A645 /* File */ = {isa = PBXFileReference; lastKnownFileType = text; path = File; sourceTree = "<group>"; };
		E450C801205BD1F100A3A645 /* AFSecurityPolicy.h */ = {isa = PBXFileReference; fileEncoding = 4; lastKnownFileType = sourcecode.c.h; path = AFSecurityPolicy.h; sourceTree = "<group>"; };
		E450C802205BD1F100A3A645 /* AFNetworkReachabilityManager.h */ = {isa = PBXFileReference; fileEncoding = 4; lastKnownFileType = sourcecode.c.h; path = AFNetworkReachabilityManager.h; sourceTree = "<group>"; };
		E450C803205BD1F100A3A645 /* AFURLSessionManager.h */ = {isa = PBXFileReference; fileEncoding = 4; lastKnownFileType = sourcecode.c.h; path = AFURLSessionManager.h; sourceTree = "<group>"; };
		E450C804205BD1F100A3A645 /* AFURLRequestSerialization.h */ = {isa = PBXFileReference; fileEncoding = 4; lastKnownFileType = sourcecode.c.h; path = AFURLRequestSerialization.h; sourceTree = "<group>"; };
		E450C805205BD1F100A3A645 /* AFURLResponseSerialization.m */ = {isa = PBXFileReference; fileEncoding = 4; lastKnownFileType = sourcecode.c.objc; path = AFURLResponseSerialization.m; sourceTree = "<group>"; };
		E450C806205BD1F100A3A645 /* AFHTTPSessionManager.m */ = {isa = PBXFileReference; fileEncoding = 4; lastKnownFileType = sourcecode.c.objc; path = AFHTTPSessionManager.m; sourceTree = "<group>"; };
		E450C807205BD1F100A3A645 /* AFURLResponseSerialization.h */ = {isa = PBXFileReference; fileEncoding = 4; lastKnownFileType = sourcecode.c.h; path = AFURLResponseSerialization.h; sourceTree = "<group>"; };
		E450C808205BD1F100A3A645 /* AFURLSessionManager.m */ = {isa = PBXFileReference; fileEncoding = 4; lastKnownFileType = sourcecode.c.objc; path = AFURLSessionManager.m; sourceTree = "<group>"; };
		E450C809205BD1F100A3A645 /* AFURLRequestSerialization.m */ = {isa = PBXFileReference; fileEncoding = 4; lastKnownFileType = sourcecode.c.objc; path = AFURLRequestSerialization.m; sourceTree = "<group>"; };
		E450C80A205BD1F100A3A645 /* AFNetworking.h */ = {isa = PBXFileReference; fileEncoding = 4; lastKnownFileType = sourcecode.c.h; path = AFNetworking.h; sourceTree = "<group>"; };
		E450C80B205BD1F100A3A645 /* AFNetworkReachabilityManager.m */ = {isa = PBXFileReference; fileEncoding = 4; lastKnownFileType = sourcecode.c.objc; path = AFNetworkReachabilityManager.m; sourceTree = "<group>"; };
		E450C80C205BD1F100A3A645 /* AFSecurityPolicy.m */ = {isa = PBXFileReference; fileEncoding = 4; lastKnownFileType = sourcecode.c.objc; path = AFSecurityPolicy.m; sourceTree = "<group>"; };
		E450C80D205BD1F100A3A645 /* AFHTTPSessionManager.h */ = {isa = PBXFileReference; fileEncoding = 4; lastKnownFileType = sourcecode.c.h; path = AFHTTPSessionManager.h; sourceTree = "<group>"; };
		E450C815205BD20600A3A645 /* CFNetwork.framework */ = {isa = PBXFileReference; lastKnownFileType = wrapper.framework; name = CFNetwork.framework; path = System/Library/Frameworks/CFNetwork.framework; sourceTree = SDKROOT; };
		E450C818205BD25E00A3A645 /* MASCompositeConstraint.h */ = {isa = PBXFileReference; fileEncoding = 4; lastKnownFileType = sourcecode.c.h; path = MASCompositeConstraint.h; sourceTree = "<group>"; };
		E450C819205BD25E00A3A645 /* NSLayoutConstraint+MASDebugAdditions.m */ = {isa = PBXFileReference; fileEncoding = 4; lastKnownFileType = sourcecode.c.objc; path = "NSLayoutConstraint+MASDebugAdditions.m"; sourceTree = "<group>"; };
		E450C81A205BD25E00A3A645 /* MASConstraint+Private.h */ = {isa = PBXFileReference; fileEncoding = 4; lastKnownFileType = sourcecode.c.h; path = "MASConstraint+Private.h"; sourceTree = "<group>"; };
		E450C81B205BD25E00A3A645 /* MASLayoutConstraint.h */ = {isa = PBXFileReference; fileEncoding = 4; lastKnownFileType = sourcecode.c.h; path = MASLayoutConstraint.h; sourceTree = "<group>"; };
		E450C81C205BD25E00A3A645 /* NSArray+MASShorthandAdditions.h */ = {isa = PBXFileReference; fileEncoding = 4; lastKnownFileType = sourcecode.c.h; path = "NSArray+MASShorthandAdditions.h"; sourceTree = "<group>"; };
		E450C81D205BD25E00A3A645 /* MASConstraintMaker.h */ = {isa = PBXFileReference; fileEncoding = 4; lastKnownFileType = sourcecode.c.h; path = MASConstraintMaker.h; sourceTree = "<group>"; };
		E450C81E205BD25E00A3A645 /* View+MASAdditions.h */ = {isa = PBXFileReference; fileEncoding = 4; lastKnownFileType = sourcecode.c.h; path = "View+MASAdditions.h"; sourceTree = "<group>"; };
		E450C81F205BD25E00A3A645 /* NSArray+MASAdditions.h */ = {isa = PBXFileReference; fileEncoding = 4; lastKnownFileType = sourcecode.c.h; path = "NSArray+MASAdditions.h"; sourceTree = "<group>"; };
		E450C820205BD25E00A3A645 /* MASUtilities.h */ = {isa = PBXFileReference; fileEncoding = 4; lastKnownFileType = sourcecode.c.h; path = MASUtilities.h; sourceTree = "<group>"; };
		E450C821205BD25E00A3A645 /* MASViewAttribute.h */ = {isa = PBXFileReference; fileEncoding = 4; lastKnownFileType = sourcecode.c.h; path = MASViewAttribute.h; sourceTree = "<group>"; };
		E450C822205BD25E00A3A645 /* ViewController+MASAdditions.m */ = {isa = PBXFileReference; fileEncoding = 4; lastKnownFileType = sourcecode.c.objc; path = "ViewController+MASAdditions.m"; sourceTree = "<group>"; };
		E450C823205BD25E00A3A645 /* MASViewConstraint.h */ = {isa = PBXFileReference; fileEncoding = 4; lastKnownFileType = sourcecode.c.h; path = MASViewConstraint.h; sourceTree = "<group>"; };
		E450C824205BD25E00A3A645 /* MASConstraint.h */ = {isa = PBXFileReference; fileEncoding = 4; lastKnownFileType = sourcecode.c.h; path = MASConstraint.h; sourceTree = "<group>"; };
		E450C825205BD25E00A3A645 /* NSLayoutConstraint+MASDebugAdditions.h */ = {isa = PBXFileReference; fileEncoding = 4; lastKnownFileType = sourcecode.c.h; path = "NSLayoutConstraint+MASDebugAdditions.h"; sourceTree = "<group>"; };
		E450C826205BD25E00A3A645 /* MASCompositeConstraint.m */ = {isa = PBXFileReference; fileEncoding = 4; lastKnownFileType = sourcecode.c.objc; path = MASCompositeConstraint.m; sourceTree = "<group>"; };
		E450C827205BD25E00A3A645 /* MASConstraintMaker.m */ = {isa = PBXFileReference; fileEncoding = 4; lastKnownFileType = sourcecode.c.objc; path = MASConstraintMaker.m; sourceTree = "<group>"; };
		E450C828205BD25E00A3A645 /* MASLayoutConstraint.m */ = {isa = PBXFileReference; fileEncoding = 4; lastKnownFileType = sourcecode.c.objc; path = MASLayoutConstraint.m; sourceTree = "<group>"; };
		E450C829205BD25E00A3A645 /* NSArray+MASAdditions.m */ = {isa = PBXFileReference; fileEncoding = 4; lastKnownFileType = sourcecode.c.objc; path = "NSArray+MASAdditions.m"; sourceTree = "<group>"; };
		E450C82A205BD25E00A3A645 /* View+MASAdditions.m */ = {isa = PBXFileReference; fileEncoding = 4; lastKnownFileType = sourcecode.c.objc; path = "View+MASAdditions.m"; sourceTree = "<group>"; };
		E450C82B205BD25E00A3A645 /* View+MASShorthandAdditions.h */ = {isa = PBXFileReference; fileEncoding = 4; lastKnownFileType = sourcecode.c.h; path = "View+MASShorthandAdditions.h"; sourceTree = "<group>"; };
		E450C82C205BD25E00A3A645 /* Masonry.h */ = {isa = PBXFileReference; fileEncoding = 4; lastKnownFileType = sourcecode.c.h; path = Masonry.h; sourceTree = "<group>"; };
		E450C82D205BD25E00A3A645 /* MASConstraint.m */ = {isa = PBXFileReference; fileEncoding = 4; lastKnownFileType = sourcecode.c.objc; path = MASConstraint.m; sourceTree = "<group>"; };
		E450C82E205BD25E00A3A645 /* ViewController+MASAdditions.h */ = {isa = PBXFileReference; fileEncoding = 4; lastKnownFileType = sourcecode.c.h; path = "ViewController+MASAdditions.h"; sourceTree = "<group>"; };
		E450C82F205BD25E00A3A645 /* MASViewConstraint.m */ = {isa = PBXFileReference; fileEncoding = 4; lastKnownFileType = sourcecode.c.objc; path = MASViewConstraint.m; sourceTree = "<group>"; };
		E450C830205BD25E00A3A645 /* MASViewAttribute.m */ = {isa = PBXFileReference; fileEncoding = 4; lastKnownFileType = sourcecode.c.objc; path = MASViewAttribute.m; sourceTree = "<group>"; };
		E450C831205BD25E00A3A645 /* Info.plist */ = {isa = PBXFileReference; fileEncoding = 4; lastKnownFileType = text.plist.xml; path = Info.plist; sourceTree = "<group>"; };
		E450C83E205BD2CF00A3A645 /* SDAnimatedImageRep.h */ = {isa = PBXFileReference; fileEncoding = 4; lastKnownFileType = sourcecode.c.h; path = SDAnimatedImageRep.h; sourceTree = "<group>"; };
		E450C83F205BD2CF00A3A645 /* UIImage+WebP.m */ = {isa = PBXFileReference; fileEncoding = 4; lastKnownFileType = sourcecode.c.objc; path = "UIImage+WebP.m"; sourceTree = "<group>"; };
		E450C840205BD2CF00A3A645 /* MKAnnotationView+WebCache.m */ = {isa = PBXFileReference; fileEncoding = 4; lastKnownFileType = sourcecode.c.objc; path = "MKAnnotationView+WebCache.m"; sourceTree = "<group>"; };
		E450C841205BD2CF00A3A645 /* NSButton+WebCache.h */ = {isa = PBXFileReference; fileEncoding = 4; lastKnownFileType = sourcecode.c.h; path = "NSButton+WebCache.h"; sourceTree = "<group>"; };
		E450C842205BD2CF00A3A645 /* SDWebImageCoder.h */ = {isa = PBXFileReference; fileEncoding = 4; lastKnownFileType = sourcecode.c.h; path = SDWebImageCoder.h; sourceTree = "<group>"; };
		E450C843205BD2CF00A3A645 /* NSImage+WebCache.h */ = {isa = PBXFileReference; fileEncoding = 4; lastKnownFileType = sourcecode.c.h; path = "NSImage+WebCache.h"; sourceTree = "<group>"; };
		E450C844205BD2CF00A3A645 /* UIImageView+WebCache.h */ = {isa = PBXFileReference; fileEncoding = 4; lastKnownFileType = sourcecode.c.h; path = "UIImageView+WebCache.h"; sourceTree = "<group>"; };
		E450C845205BD2CF00A3A645 /* NSData+ImageContentType.h */ = {isa = PBXFileReference; fileEncoding = 4; lastKnownFileType = sourcecode.c.h; path = "NSData+ImageContentType.h"; sourceTree = "<group>"; };
		E450C846205BD2CF00A3A645 /* SDWebImageTransition.h */ = {isa = PBXFileReference; fileEncoding = 4; lastKnownFileType = sourcecode.c.h; path = SDWebImageTransition.h; sourceTree = "<group>"; };
		E450C847205BD2CF00A3A645 /* SDWebImageManager.m */ = {isa = PBXFileReference; fileEncoding = 4; lastKnownFileType = sourcecode.c.objc; path = SDWebImageManager.m; sourceTree = "<group>"; };
		E450C848205BD2CF00A3A645 /* SDWebImageDownloaderOperation.h */ = {isa = PBXFileReference; fileEncoding = 4; lastKnownFileType = sourcecode.c.h; path = SDWebImageDownloaderOperation.h; sourceTree = "<group>"; };
		E450C849205BD2CF00A3A645 /* UIImageView+HighlightedWebCache.m */ = {isa = PBXFileReference; fileEncoding = 4; lastKnownFileType = sourcecode.c.objc; path = "UIImageView+HighlightedWebCache.m"; sourceTree = "<group>"; };
		E450C84A205BD2CF00A3A645 /* SDWebImageFrame.m */ = {isa = PBXFileReference; fileEncoding = 4; lastKnownFileType = sourcecode.c.objc; path = SDWebImageFrame.m; sourceTree = "<group>"; };
		E450C84B205BD2CF00A3A645 /* SDImageCache.h */ = {isa = PBXFileReference; fileEncoding = 4; lastKnownFileType = sourcecode.c.h; path = SDImageCache.h; sourceTree = "<group>"; };
		E450C84C205BD2CF00A3A645 /* UIImage+ForceDecode.m */ = {isa = PBXFileReference; fileEncoding = 4; lastKnownFileType = sourcecode.c.objc; path = "UIImage+ForceDecode.m"; sourceTree = "<group>"; };
		E450C84D205BD2CF00A3A645 /* SDImageCacheConfig.h */ = {isa = PBXFileReference; fileEncoding = 4; lastKnownFileType = sourcecode.c.h; path = SDImageCacheConfig.h; sourceTree = "<group>"; };
		E450C84E205BD2CF00A3A645 /* SDWebImageCodersManager.m */ = {isa = PBXFileReference; fileEncoding = 4; lastKnownFileType = sourcecode.c.objc; path = SDWebImageCodersManager.m; sourceTree = "<group>"; };
		E450C852205BD2CF00A3A645 /* SDWebImageDownloader.m */ = {isa = PBXFileReference; fileEncoding = 4; lastKnownFileType = sourcecode.c.objc; path = SDWebImageDownloader.m; sourceTree = "<group>"; };
		E450C853205BD2CF00A3A645 /* SDWebImageGIFCoder.h */ = {isa = PBXFileReference; fileEncoding = 4; lastKnownFileType = sourcecode.c.h; path = SDWebImageGIFCoder.h; sourceTree = "<group>"; };
		E450C854205BD2CF00A3A645 /* SDWebImageWebPCoder.h */ = {isa = PBXFileReference; fileEncoding = 4; lastKnownFileType = sourcecode.c.h; path = SDWebImageWebPCoder.h; sourceTree = "<group>"; };
		E450C855205BD2CF00A3A645 /* UIImage+GIF.m */ = {isa = PBXFileReference; fileEncoding = 4; lastKnownFileType = sourcecode.c.objc; path = "UIImage+GIF.m"; sourceTree = "<group>"; };
		E450C856205BD2CF00A3A645 /* UIButton+WebCache.h */ = {isa = PBXFileReference; fileEncoding = 4; lastKnownFileType = sourcecode.c.h; path = "UIButton+WebCache.h"; sourceTree = "<group>"; };
		E450C857205BD2CF00A3A645 /* UIImage+MultiFormat.m */ = {isa = PBXFileReference; fileEncoding = 4; lastKnownFileType = sourcecode.c.objc; path = "UIImage+MultiFormat.m"; sourceTree = "<group>"; };
		E450C858205BD2CF00A3A645 /* SDWebImageCoderHelper.m */ = {isa = PBXFileReference; fileEncoding = 4; lastKnownFileType = sourcecode.c.objc; path = SDWebImageCoderHelper.m; sourceTree = "<group>"; };
		E450C859205BD2CF00A3A645 /* SDWebImageCompat.m */ = {isa = PBXFileReference; fileEncoding = 4; lastKnownFileType = sourcecode.c.objc; path = SDWebImageCompat.m; sourceTree = "<group>"; };
		E450C85A205BD2CF00A3A645 /* SDWebImageImageIOCoder.h */ = {isa = PBXFileReference; fileEncoding = 4; lastKnownFileType = sourcecode.c.h; path = SDWebImageImageIOCoder.h; sourceTree = "<group>"; };
		E450C85B205BD2CF00A3A645 /* SDWebImagePrefetcher.m */ = {isa = PBXFileReference; fileEncoding = 4; lastKnownFileType = sourcecode.c.objc; path = SDWebImagePrefetcher.m; sourceTree = "<group>"; };
		E450C85C205BD2CF00A3A645 /* UIView+WebCache.h */ = {isa = PBXFileReference; fileEncoding = 4; lastKnownFileType = sourcecode.c.h; path = "UIView+WebCache.h"; sourceTree = "<group>"; };
		E450C85D205BD2CF00A3A645 /* UIView+WebCacheOperation.h */ = {isa = PBXFileReference; fileEncoding = 4; lastKnownFileType = sourcecode.c.h; path = "UIView+WebCacheOperation.h"; sourceTree = "<group>"; };
		E450C85E205BD2CF00A3A645 /* SDWebImageCoder.m */ = {isa = PBXFileReference; fileEncoding = 4; lastKnownFileType = sourcecode.c.objc; path = SDWebImageCoder.m; sourceTree = "<group>"; };
		E450C85F205BD2CF00A3A645 /* NSButton+WebCache.m */ = {isa = PBXFileReference; fileEncoding = 4; lastKnownFileType = sourcecode.c.objc; path = "NSButton+WebCache.m"; sourceTree = "<group>"; };
		E450C860205BD2CF00A3A645 /* MKAnnotationView+WebCache.h */ = {isa = PBXFileReference; fileEncoding = 4; lastKnownFileType = sourcecode.c.h; path = "MKAnnotationView+WebCache.h"; sourceTree = "<group>"; };
		E450C861205BD2CF00A3A645 /* UIImage+WebP.h */ = {isa = PBXFileReference; fileEncoding = 4; lastKnownFileType = sourcecode.c.h; path = "UIImage+WebP.h"; sourceTree = "<group>"; };
		E450C862205BD2CF00A3A645 /* SDAnimatedImageRep.m */ = {isa = PBXFileReference; fileEncoding = 4; lastKnownFileType = sourcecode.c.objc; path = SDAnimatedImageRep.m; sourceTree = "<group>"; };
		E450C863205BD2CF00A3A645 /* SDImageCache.m */ = {isa = PBXFileReference; fileEncoding = 4; lastKnownFileType = sourcecode.c.objc; path = SDImageCache.m; sourceTree = "<group>"; };
		E450C864205BD2CF00A3A645 /* SDWebImageFrame.h */ = {isa = PBXFileReference; fileEncoding = 4; lastKnownFileType = sourcecode.c.h; path = SDWebImageFrame.h; sourceTree = "<group>"; };
		E450C865205BD2CF00A3A645 /* UIImageView+HighlightedWebCache.h */ = {isa = PBXFileReference; fileEncoding = 4; lastKnownFileType = sourcecode.c.h; path = "UIImageView+HighlightedWebCache.h"; sourceTree = "<group>"; };
		E450C866205BD2CF00A3A645 /* SDWebImageDownloaderOperation.m */ = {isa = PBXFileReference; fileEncoding = 4; lastKnownFileType = sourcecode.c.objc; path = SDWebImageDownloaderOperation.m; sourceTree = "<group>"; };
		E450C867205BD2CF00A3A645 /* SDWebImageTransition.m */ = {isa = PBXFileReference; fileEncoding = 4; lastKnownFileType = sourcecode.c.objc; path = SDWebImageTransition.m; sourceTree = "<group>"; };
		E450C868205BD2CF00A3A645 /* SDWebImageManager.h */ = {isa = PBXFileReference; fileEncoding = 4; lastKnownFileType = sourcecode.c.h; path = SDWebImageManager.h; sourceTree = "<group>"; };
		E450C869205BD2CF00A3A645 /* NSData+ImageContentType.m */ = {isa = PBXFileReference; fileEncoding = 4; lastKnownFileType = sourcecode.c.objc; path = "NSData+ImageContentType.m"; sourceTree = "<group>"; };
		E450C86A205BD2CF00A3A645 /* UIImageView+WebCache.m */ = {isa = PBXFileReference; fileEncoding = 4; lastKnownFileType = sourcecode.c.objc; path = "UIImageView+WebCache.m"; sourceTree = "<group>"; };
		E450C86B205BD2CF00A3A645 /* SDWebImageOperation.h */ = {isa = PBXFileReference; fileEncoding = 4; lastKnownFileType = sourcecode.c.h; path = SDWebImageOperation.h; sourceTree = "<group>"; };
		E450C86C205BD2CF00A3A645 /* NSImage+WebCache.m */ = {isa = PBXFileReference; fileEncoding = 4; lastKnownFileType = sourcecode.c.objc; path = "NSImage+WebCache.m"; sourceTree = "<group>"; };
		E450C86D205BD2CF00A3A645 /* SDWebImageGIFCoder.m */ = {isa = PBXFileReference; fileEncoding = 4; lastKnownFileType = sourcecode.c.objc; path = SDWebImageGIFCoder.m; sourceTree = "<group>"; };
		E450C86E205BD2CF00A3A645 /* SDWebImageDownloader.h */ = {isa = PBXFileReference; fileEncoding = 4; lastKnownFileType = sourcecode.c.h; path = SDWebImageDownloader.h; sourceTree = "<group>"; };
		E450C86F205BD2CF00A3A645 /* SDImageCacheConfig.m */ = {isa = PBXFileReference; fileEncoding = 4; lastKnownFileType = sourcecode.c.objc; path = SDImageCacheConfig.m; sourceTree = "<group>"; };
		E450C870205BD2CF00A3A645 /* SDWebImageCodersManager.h */ = {isa = PBXFileReference; fileEncoding = 4; lastKnownFileType = sourcecode.c.h; path = SDWebImageCodersManager.h; sourceTree = "<group>"; };
		E450C871205BD2CF00A3A645 /* UIImage+ForceDecode.h */ = {isa = PBXFileReference; fileEncoding = 4; lastKnownFileType = sourcecode.c.h; path = "UIImage+ForceDecode.h"; sourceTree = "<group>"; };
		E450C872205BD2CF00A3A645 /* UIView+WebCacheOperation.m */ = {isa = PBXFileReference; fileEncoding = 4; lastKnownFileType = sourcecode.c.objc; path = "UIView+WebCacheOperation.m"; sourceTree = "<group>"; };
		E450C873205BD2CF00A3A645 /* UIView+WebCache.m */ = {isa = PBXFileReference; fileEncoding = 4; lastKnownFileType = sourcecode.c.objc; path = "UIView+WebCache.m"; sourceTree = "<group>"; };
		E450C874205BD2CF00A3A645 /* SDWebImagePrefetcher.h */ = {isa = PBXFileReference; fileEncoding = 4; lastKnownFileType = sourcecode.c.h; path = SDWebImagePrefetcher.h; sourceTree = "<group>"; };
		E450C875205BD2CF00A3A645 /* SDWebImageImageIOCoder.m */ = {isa = PBXFileReference; fileEncoding = 4; lastKnownFileType = sourcecode.c.objc; path = SDWebImageImageIOCoder.m; sourceTree = "<group>"; };
		E450C876205BD2CF00A3A645 /* SDWebImageCompat.h */ = {isa = PBXFileReference; fileEncoding = 4; lastKnownFileType = sourcecode.c.h; path = SDWebImageCompat.h; sourceTree = "<group>"; };
		E450C877205BD2CF00A3A645 /* SDWebImageCoderHelper.h */ = {isa = PBXFileReference; fileEncoding = 4; lastKnownFileType = sourcecode.c.h; path = SDWebImageCoderHelper.h; sourceTree = "<group>"; };
		E450C878205BD2CF00A3A645 /* UIImage+MultiFormat.h */ = {isa = PBXFileReference; fileEncoding = 4; lastKnownFileType = sourcecode.c.h; path = "UIImage+MultiFormat.h"; sourceTree = "<group>"; };
		E450C879205BD2CF00A3A645 /* UIButton+WebCache.m */ = {isa = PBXFileReference; fileEncoding = 4; lastKnownFileType = sourcecode.c.objc; path = "UIButton+WebCache.m"; sourceTree = "<group>"; };
		E450C87A205BD2CF00A3A645 /* SDWebImageWebPCoder.m */ = {isa = PBXFileReference; fileEncoding = 4; lastKnownFileType = sourcecode.c.objc; path = SDWebImageWebPCoder.m; sourceTree = "<group>"; };
		E450C87B205BD2CF00A3A645 /* UIImage+GIF.h */ = {isa = PBXFileReference; fileEncoding = 4; lastKnownFileType = sourcecode.c.h; path = "UIImage+GIF.h"; sourceTree = "<group>"; };
		E450C89B205BD3C800A3A645 /* UIScrollView+MJRefresh.m */ = {isa = PBXFileReference; fileEncoding = 4; lastKnownFileType = sourcecode.c.objc; path = "UIScrollView+MJRefresh.m"; sourceTree = "<group>"; };
		E450C89C205BD3C800A3A645 /* MJRefreshConst.m */ = {isa = PBXFileReference; fileEncoding = 4; lastKnownFileType = sourcecode.c.objc; path = MJRefreshConst.m; sourceTree = "<group>"; };
		E450C89D205BD3C800A3A645 /* UIScrollView+MJExtension.h */ = {isa = PBXFileReference; fileEncoding = 4; lastKnownFileType = sourcecode.c.h; path = "UIScrollView+MJExtension.h"; sourceTree = "<group>"; };
		E450C89E205BD3C800A3A645 /* MJRefresh.h */ = {isa = PBXFileReference; fileEncoding = 4; lastKnownFileType = sourcecode.c.h; path = MJRefresh.h; sourceTree = "<group>"; };
		E450C89F205BD3C800A3A645 /* NSBundle+MJRefresh.h */ = {isa = PBXFileReference; fileEncoding = 4; lastKnownFileType = sourcecode.c.h; path = "NSBundle+MJRefresh.h"; sourceTree = "<group>"; };
		E450C8A0205BD3C800A3A645 /* MJRefresh.bundle */ = {isa = PBXFileReference; lastKnownFileType = "wrapper.plug-in"; path = MJRefresh.bundle; sourceTree = "<group>"; };
		E450C8A1205BD3C800A3A645 /* UIView+MJExtension.h */ = {isa = PBXFileReference; fileEncoding = 4; lastKnownFileType = sourcecode.c.h; path = "UIView+MJExtension.h"; sourceTree = "<group>"; };
		E450C8A2205BD3C800A3A645 /* UIScrollView+MJExtension.m */ = {isa = PBXFileReference; fileEncoding = 4; lastKnownFileType = sourcecode.c.objc; path = "UIScrollView+MJExtension.m"; sourceTree = "<group>"; };
		E450C8A3205BD3C800A3A645 /* MJRefreshConst.h */ = {isa = PBXFileReference; fileEncoding = 4; lastKnownFileType = sourcecode.c.h; path = MJRefreshConst.h; sourceTree = "<group>"; };
		E450C8A4205BD3C800A3A645 /* UIScrollView+MJRefresh.h */ = {isa = PBXFileReference; fileEncoding = 4; lastKnownFileType = sourcecode.c.h; path = "UIScrollView+MJRefresh.h"; sourceTree = "<group>"; };
		E450C8A5205BD3C800A3A645 /* NSBundle+MJRefresh.m */ = {isa = PBXFileReference; fileEncoding = 4; lastKnownFileType = sourcecode.c.objc; path = "NSBundle+MJRefresh.m"; sourceTree = "<group>"; };
		E450C8A6205BD3C800A3A645 /* UIView+MJExtension.m */ = {isa = PBXFileReference; fileEncoding = 4; lastKnownFileType = sourcecode.c.objc; path = "UIView+MJExtension.m"; sourceTree = "<group>"; };
		E450C8AA205BD3C800A3A645 /* MJRefreshBackGifFooter.h */ = {isa = PBXFileReference; fileEncoding = 4; lastKnownFileType = sourcecode.c.h; path = MJRefreshBackGifFooter.h; sourceTree = "<group>"; };
		E450C8AB205BD3C800A3A645 /* MJRefreshBackStateFooter.h */ = {isa = PBXFileReference; fileEncoding = 4; lastKnownFileType = sourcecode.c.h; path = MJRefreshBackStateFooter.h; sourceTree = "<group>"; };
		E450C8AC205BD3C800A3A645 /* MJRefreshBackNormalFooter.h */ = {isa = PBXFileReference; fileEncoding = 4; lastKnownFileType = sourcecode.c.h; path = MJRefreshBackNormalFooter.h; sourceTree = "<group>"; };
		E450C8AD205BD3C800A3A645 /* MJRefreshBackGifFooter.m */ = {isa = PBXFileReference; fileEncoding = 4; lastKnownFileType = sourcecode.c.objc; path = MJRefreshBackGifFooter.m; sourceTree = "<group>"; };
		E450C8AE205BD3C800A3A645 /* MJRefreshBackStateFooter.m */ = {isa = PBXFileReference; fileEncoding = 4; lastKnownFileType = sourcecode.c.objc; path = MJRefreshBackStateFooter.m; sourceTree = "<group>"; };
		E450C8AF205BD3C800A3A645 /* MJRefreshBackNormalFooter.m */ = {isa = PBXFileReference; fileEncoding = 4; lastKnownFileType = sourcecode.c.objc; path = MJRefreshBackNormalFooter.m; sourceTree = "<group>"; };
		E450C8B1205BD3C800A3A645 /* MJRefreshAutoStateFooter.h */ = {isa = PBXFileReference; fileEncoding = 4; lastKnownFileType = sourcecode.c.h; path = MJRefreshAutoStateFooter.h; sourceTree = "<group>"; };
		E450C8B2205BD3C800A3A645 /* MJRefreshAutoNormalFooter.h */ = {isa = PBXFileReference; fileEncoding = 4; lastKnownFileType = sourcecode.c.h; path = MJRefreshAutoNormalFooter.h; sourceTree = "<group>"; };
		E450C8B3205BD3C800A3A645 /* MJRefreshAutoGifFooter.h */ = {isa = PBXFileReference; fileEncoding = 4; lastKnownFileType = sourcecode.c.h; path = MJRefreshAutoGifFooter.h; sourceTree = "<group>"; };
		E450C8B4205BD3C800A3A645 /* MJRefreshAutoStateFooter.m */ = {isa = PBXFileReference; fileEncoding = 4; lastKnownFileType = sourcecode.c.objc; path = MJRefreshAutoStateFooter.m; sourceTree = "<group>"; };
		E450C8B5205BD3C800A3A645 /* MJRefreshAutoGifFooter.m */ = {isa = PBXFileReference; fileEncoding = 4; lastKnownFileType = sourcecode.c.objc; path = MJRefreshAutoGifFooter.m; sourceTree = "<group>"; };
		E450C8B6205BD3C800A3A645 /* MJRefreshAutoNormalFooter.m */ = {isa = PBXFileReference; fileEncoding = 4; lastKnownFileType = sourcecode.c.objc; path = MJRefreshAutoNormalFooter.m; sourceTree = "<group>"; };
		E450C8B8205BD3C800A3A645 /* MJRefreshNormalHeader.m */ = {isa = PBXFileReference; fileEncoding = 4; lastKnownFileType = sourcecode.c.objc; path = MJRefreshNormalHeader.m; sourceTree = "<group>"; };
		E450C8B9205BD3C800A3A645 /* MJRefreshStateHeader.h */ = {isa = PBXFileReference; fileEncoding = 4; lastKnownFileType = sourcecode.c.h; path = MJRefreshStateHeader.h; sourceTree = "<group>"; };
		E450C8BA205BD3C800A3A645 /* MJRefreshGifHeader.h */ = {isa = PBXFileReference; fileEncoding = 4; lastKnownFileType = sourcecode.c.h; path = MJRefreshGifHeader.h; sourceTree = "<group>"; };
		E450C8BB205BD3C800A3A645 /* MJRefreshNormalHeader.h */ = {isa = PBXFileReference; fileEncoding = 4; lastKnownFileType = sourcecode.c.h; path = MJRefreshNormalHeader.h; sourceTree = "<group>"; };
		E450C8BC205BD3C800A3A645 /* MJRefreshStateHeader.m */ = {isa = PBXFileReference; fileEncoding = 4; lastKnownFileType = sourcecode.c.objc; path = MJRefreshStateHeader.m; sourceTree = "<group>"; };
		E450C8BD205BD3C800A3A645 /* MJRefreshGifHeader.m */ = {isa = PBXFileReference; fileEncoding = 4; lastKnownFileType = sourcecode.c.objc; path = MJRefreshGifHeader.m; sourceTree = "<group>"; };
		E450C8BF205BD3C800A3A645 /* MJRefreshFooter.m */ = {isa = PBXFileReference; fileEncoding = 4; lastKnownFileType = sourcecode.c.objc; path = MJRefreshFooter.m; sourceTree = "<group>"; };
		E450C8C0205BD3C800A3A645 /* MJRefreshComponent.h */ = {isa = PBXFileReference; fileEncoding = 4; lastKnownFileType = sourcecode.c.h; path = MJRefreshComponent.h; sourceTree = "<group>"; };
		E450C8C1205BD3C800A3A645 /* MJRefreshHeader.m */ = {isa = PBXFileReference; fileEncoding = 4; lastKnownFileType = sourcecode.c.objc; path = MJRefreshHeader.m; sourceTree = "<group>"; };
		E450C8C2205BD3C800A3A645 /* MJRefreshAutoFooter.h */ = {isa = PBXFileReference; fileEncoding = 4; lastKnownFileType = sourcecode.c.h; path = MJRefreshAutoFooter.h; sourceTree = "<group>"; };
		E450C8C3205BD3C800A3A645 /* MJRefreshBackFooter.m */ = {isa = PBXFileReference; fileEncoding = 4; lastKnownFileType = sourcecode.c.objc; path = MJRefreshBackFooter.m; sourceTree = "<group>"; };
		E450C8C4205BD3C800A3A645 /* MJRefreshAutoFooter.m */ = {isa = PBXFileReference; fileEncoding = 4; lastKnownFileType = sourcecode.c.objc; path = MJRefreshAutoFooter.m; sourceTree = "<group>"; };
		E450C8C5205BD3C800A3A645 /* MJRefreshHeader.h */ = {isa = PBXFileReference; fileEncoding = 4; lastKnownFileType = sourcecode.c.h; path = MJRefreshHeader.h; sourceTree = "<group>"; };
		E450C8C6205BD3C800A3A645 /* MJRefreshComponent.m */ = {isa = PBXFileReference; fileEncoding = 4; lastKnownFileType = sourcecode.c.objc; path = MJRefreshComponent.m; sourceTree = "<group>"; };
		E450C8C7205BD3C800A3A645 /* MJRefreshFooter.h */ = {isa = PBXFileReference; fileEncoding = 4; lastKnownFileType = sourcecode.c.h; path = MJRefreshFooter.h; sourceTree = "<group>"; };
		E450C8C8205BD3C800A3A645 /* MJRefreshBackFooter.h */ = {isa = PBXFileReference; fileEncoding = 4; lastKnownFileType = sourcecode.c.h; path = MJRefreshBackFooter.h; sourceTree = "<group>"; };
		E450C8E0205E50B500A3A645 /* HZHttpSender.h */ = {isa = PBXFileReference; lastKnownFileType = sourcecode.c.h; path = HZHttpSender.h; sourceTree = "<group>"; };
		E450C8E1205E50B500A3A645 /* HZHttpSender.m */ = {isa = PBXFileReference; lastKnownFileType = sourcecode.c.objc; path = HZHttpSender.m; sourceTree = "<group>"; };
		E450C8E3205E510400A3A645 /* HZURLRequest.h */ = {isa = PBXFileReference; lastKnownFileType = sourcecode.c.h; path = HZURLRequest.h; sourceTree = "<group>"; };
		E450C8E4205E510400A3A645 /* HZURLRequest.m */ = {isa = PBXFileReference; lastKnownFileType = sourcecode.c.objc; path = HZURLRequest.m; sourceTree = "<group>"; };
		E450C90B205E526800A3A645 /* HZResponse.h */ = {isa = PBXFileReference; lastKnownFileType = sourcecode.c.h; path = HZResponse.h; sourceTree = "<group>"; };
		E450C90C205E526800A3A645 /* HZResponse.m */ = {isa = PBXFileReference; lastKnownFileType = sourcecode.c.objc; path = HZResponse.m; sourceTree = "<group>"; };
		E450C90E205E754D00A3A645 /* HZModule.h */ = {isa = PBXFileReference; lastKnownFileType = sourcecode.c.h; path = HZModule.h; sourceTree = "<group>"; };
		E450C90F205E754D00A3A645 /* HZModule.m */ = {isa = PBXFileReference; lastKnownFileType = sourcecode.c.objc; path = HZModule.m; sourceTree = "<group>"; };
		E450C911205E760600A3A645 /* HZCentralManager.h */ = {isa = PBXFileReference; lastKnownFileType = sourcecode.c.h; path = HZCentralManager.h; sourceTree = "<group>"; };
		E450C912205E760600A3A645 /* HZCentralManager.m */ = {isa = PBXFileReference; lastKnownFileType = sourcecode.c.objc; path = HZCentralManager.m; sourceTree = "<group>"; };
		E450C915205E7E1E00A3A645 /* HZBookModuleManger.h */ = {isa = PBXFileReference; lastKnownFileType = sourcecode.c.h; path = HZBookModuleManger.h; sourceTree = "<group>"; };
		E450C916205E7E1E00A3A645 /* HZBookModuleManger.m */ = {isa = PBXFileReference; lastKnownFileType = sourcecode.c.objc; path = HZBookModuleManger.m; sourceTree = "<group>"; };
		E450C919205E838E00A3A645 /* HZBaseModel.h */ = {isa = PBXFileReference; lastKnownFileType = sourcecode.c.h; path = HZBaseModel.h; sourceTree = "<group>"; };
		E450C91A205E838E00A3A645 /* HZBaseModel.m */ = {isa = PBXFileReference; lastKnownFileType = sourcecode.c.objc; path = HZBaseModel.m; sourceTree = "<group>"; };
		E450C91E205E83CA00A3A645 /* BookModel.h */ = {isa = PBXFileReference; lastKnownFileType = sourcecode.c.h; path = BookModel.h; sourceTree = "<group>"; };
		E450C91F205E83CA00A3A645 /* BookModel.m */ = {isa = PBXFileReference; lastKnownFileType = sourcecode.c.objc; path = BookModel.m; sourceTree = "<group>"; };
		E450C922205E88F900A3A645 /* HZDefineConfig.h */ = {isa = PBXFileReference; lastKnownFileType = sourcecode.c.h; path = HZDefineConfig.h; sourceTree = "<group>"; };
		E450C926205EB83D00A3A645 /* HZServerAddressManager.h */ = {isa = PBXFileReference; lastKnownFileType = sourcecode.c.h; path = HZServerAddressManager.h; sourceTree = "<group>"; };
		E450C927205EB83D00A3A645 /* HZServerAddressManager.m */ = {isa = PBXFileReference; lastKnownFileType = sourcecode.c.objc; path = HZServerAddressManager.m; sourceTree = "<group>"; };
/* End PBXFileReference section */

/* Begin PBXFrameworksBuildPhase section */
		E450C708205A59E800A3A645 /* Frameworks */ = {
			isa = PBXFrameworksBuildPhase;
			buildActionMask = 2147483647;
			files = (
				E450C816205BD20600A3A645 /* CFNetwork.framework in Frameworks */,
			);
			runOnlyForDeploymentPostprocessing = 0;
		};
/* End PBXFrameworksBuildPhase section */

/* Begin PBXGroup section */
		E445AF8E205ED1A1004DEE85 /* Categorys */ = {
			isa = PBXGroup;
			children = (
				E445AF8F205ED1A1004DEE85 /* UIImage+Utilities.h */,
				E445AF9B205ED1A1004DEE85 /* UIImage+Utilities.m */,
				E445AF91205ED1A1004DEE85 /* NSString+UUID.h */,
				E445AFA0205ED1A1004DEE85 /* NSString+UUID.m */,
				E445AF93205ED1A1004DEE85 /* NSString+MD5.h */,
				E445AF9E205ED1A1004DEE85 /* NSString+MD5.m */,
				E445AFA4205ED1A1004DEE85 /* NSString+RectSize.h */,
				E445AF96205ED1A1004DEE85 /* NSString+RectSize.m */,
				E445AF99205ED1A1004DEE85 /* NSString+Verification.h */,
				E445AFA3205ED1A1004DEE85 /* NSString+Verification.m */,
			);
			path = Categorys;
			sourceTree = "<group>";
		};
		E445AFB3205ED77C004DEE85 /* ServerAddressManager */ = {
			isa = PBXGroup;
			children = (
				E450C926205EB83D00A3A645 /* HZServerAddressManager.h */,
				E450C927205EB83D00A3A645 /* HZServerAddressManager.m */,
			);
			path = ServerAddressManager;
			sourceTree = "<group>";
		};
		E450C702205A59E800A3A645 = {
			isa = PBXGroup;
			children = (
				E450C70D205A59E800A3A645 /* BookReader */,
				E450C70C205A59E800A3A645 /* Products */,
				E450C814205BD20500A3A645 /* Frameworks */,
			);
			sourceTree = "<group>";
		};
		E450C70C205A59E800A3A645 /* Products */ = {
			isa = PBXGroup;
			children = (
				E450C70B205A59E800A3A645 /* BookReader.app */,
			);
			name = Products;
			sourceTree = "<group>";
		};
		E450C70D205A59E800A3A645 /* BookReader */ = {
			isa = PBXGroup;
			children = (
				E450C8DE205E507B00A3A645 /* HZCore */,
				E450C7C7205B9EDD00A3A645 /* HZBaseBusiness */,
				E450C7C9205B9EDD00A3A645 /* HZReaderBusiness */,
				E450C7CA205B9EDD00A3A645 /* ThirdLib */,
				E450C70E205A59E800A3A645 /* HZAppDelegate.h */,
				E450C70F205A59E800A3A645 /* HZAppDelegate.m */,
				E450C714205A59E800A3A645 /* Main.storyboard */,
				E450C717205A59E800A3A645 /* Assets.xcassets */,
				E450C719205A59E800A3A645 /* LaunchScreen.storyboard */,
				E450C71C205A59E800A3A645 /* Info.plist */,
				E450C71D205A59E800A3A645 /* main.m */,
			);
			path = BookReader;
			sourceTree = "<group>";
		};
		E450C7C7205B9EDD00A3A645 /* HZBaseBusiness */ = {
			isa = PBXGroup;
			children = (
				E450C918205E836E00A3A645 /* BaseModel */,
				E450C7CB205B9EF700A3A645 /* BaseViews */,
				E450C7C8205B9EDD00A3A645 /* BaseControllers */,
			);
			path = HZBaseBusiness;
			sourceTree = "<group>";
		};
		E450C7C8205B9EDD00A3A645 /* BaseControllers */ = {
			isa = PBXGroup;
			children = (
				E450C7D5205B9FCB00A3A645 /* HZBaseViewController.h */,
				E450C7D6205B9FCB00A3A645 /* HZBaseViewController.m */,
				E450C7D8205BA09400A3A645 /* HZBaseNavigationViewController.h */,
				E450C7D9205BA09400A3A645 /* HZBaseNavigationViewController.m */,
			);
			path = BaseControllers;
			sourceTree = "<group>";
		};
		E450C7C9205B9EDD00A3A645 /* HZReaderBusiness */ = {
			isa = PBXGroup;
			children = (
				E450C91C205E83A500A3A645 /* Models */,
				E450C7DD205BA11E00A3A645 /* Views */,
				E450C7DC205BA11200A3A645 /* Controllers */,
			);
			path = HZReaderBusiness;
			sourceTree = "<group>";
		};
		E450C7CA205B9EDD00A3A645 /* ThirdLib */ = {
			isa = PBXGroup;
			children = (
				E450C89A205BD3C800A3A645 /* MJRefresh */,
				E450C83D205BD2CF00A3A645 /* SDWebImage */,
				E450C817205BD25E00A3A645 /* Masonry */,
				E450C800205BD1F100A3A645 /* AFNetworking */,
				E450C7FD205BBD9A00A3A645 /* LGQSideViewController */,
			);
			path = ThirdLib;
			sourceTree = "<group>";
		};
		E450C7CB205B9EF700A3A645 /* BaseViews */ = {
			isa = PBXGroup;
			children = (
				E450C7CC205B9F2000A3A645 /* HZBaseView.h */,
				E450C7CD205B9F2000A3A645 /* HZBaseView.m */,
				E450C7CF205B9F4200A3A645 /* HZBaseTableView.h */,
				E450C7D0205B9F4200A3A645 /* HZBaseTableView.m */,
				E450C7D2205B9FB700A3A645 /* HZBaseCollectionView.h */,
				E450C7D3205B9FB700A3A645 /* HZBaseCollectionView.m */,
			);
			path = BaseViews;
			sourceTree = "<group>";
		};
		E450C7DB205BA0EF00A3A645 /* MainEntrance   */ = {
			isa = PBXGroup;
			children = (
				E450C7F3205BA53F00A3A645 /* HZTabBarController.h */,
				E450C7F4205BA53F00A3A645 /* HZTabBarController.m */,
			);
			path = "MainEntrance  ";
			sourceTree = "<group>";
		};
		E450C7DC205BA11200A3A645 /* Controllers */ = {
			isa = PBXGroup;
			children = (
				E450C7F9205BBB3A00A3A645 /* Personal */,
				E450C7DB205BA0EF00A3A645 /* MainEntrance   */,
				E450C7E3205BA1BC00A3A645 /* BookShelf */,
				E450C7E4205BA26900A3A645 /* FeaturedAlbum   */,
				E450C7E5205BA2ED00A3A645 /* Classification */,
				E450C7E6205BA32900A3A645 /* DisCovery */,
			);
			path = Controllers;
			sourceTree = "<group>";
		};
		E450C7DD205BA11E00A3A645 /* Views */ = {
			isa = PBXGroup;
			children = (
				E450C7FE205BD0D300A3A645 /* File */,
			);
			path = Views;
			sourceTree = "<group>";
		};
		E450C7E3205BA1BC00A3A645 /* BookShelf */ = {
			isa = PBXGroup;
			children = (
				E450C7E7205BA38100A3A645 /* BookShelfController.h */,
				E450C7E8205BA38100A3A645 /* BookShelfController.m */,
			);
			path = BookShelf;
			sourceTree = "<group>";
		};
		E450C7E4205BA26900A3A645 /* FeaturedAlbum   */ = {
			isa = PBXGroup;
			children = (
				E450C7EA205BA3B600A3A645 /* FeaturedAlbumController.h */,
				E450C7EB205BA3B600A3A645 /* FeaturedAlbumController.m */,
			);
			path = "FeaturedAlbum  ";
			sourceTree = "<group>";
		};
		E450C7E5205BA2ED00A3A645 /* Classification */ = {
			isa = PBXGroup;
			children = (
				E450C7ED205BA3D600A3A645 /* ClassificationController.h */,
				E450C7EE205BA3D600A3A645 /* ClassificationController.m */,
			);
			path = Classification;
			sourceTree = "<group>";
		};
		E450C7E6205BA32900A3A645 /* DisCovery */ = {
			isa = PBXGroup;
			children = (
				E450C7F0205BA3F100A3A645 /* DisCoveryController.h */,
				E450C7F1205BA3F100A3A645 /* DisCoveryController.m */,
			);
			path = DisCovery;
			sourceTree = "<group>";
		};
		E450C7F9205BBB3A00A3A645 /* Personal */ = {
			isa = PBXGroup;
			children = (
				E450C7FA205BBB8B00A3A645 /* PersonalController.h */,
				E450C7FB205BBB8B00A3A645 /* PersonalController.m */,
			);
			path = Personal;
			sourceTree = "<group>";
		};
		E450C7FD205BBD9A00A3A645 /* LGQSideViewController */ = {
			isa = PBXGroup;
			children = (
				E450C7F6205BB78200A3A645 /* LGQSideViewController.h */,
				E450C7F7205BB78200A3A645 /* LGQSideViewController.m */,
			);
			path = LGQSideViewController;
			sourceTree = "<group>";
		};
		E450C800205BD1F100A3A645 /* AFNetworking */ = {
			isa = PBXGroup;
			children = (
				E450C801205BD1F100A3A645 /* AFSecurityPolicy.h */,
				E450C802205BD1F100A3A645 /* AFNetworkReachabilityManager.h */,
				E450C803205BD1F100A3A645 /* AFURLSessionManager.h */,
				E450C804205BD1F100A3A645 /* AFURLRequestSerialization.h */,
				E450C805205BD1F100A3A645 /* AFURLResponseSerialization.m */,
				E450C806205BD1F100A3A645 /* AFHTTPSessionManager.m */,
				E450C807205BD1F100A3A645 /* AFURLResponseSerialization.h */,
				E450C808205BD1F100A3A645 /* AFURLSessionManager.m */,
				E450C809205BD1F100A3A645 /* AFURLRequestSerialization.m */,
				E450C80A205BD1F100A3A645 /* AFNetworking.h */,
				E450C80B205BD1F100A3A645 /* AFNetworkReachabilityManager.m */,
				E450C80C205BD1F100A3A645 /* AFSecurityPolicy.m */,
				E450C80D205BD1F100A3A645 /* AFHTTPSessionManager.h */,
			);
			path = AFNetworking;
			sourceTree = "<group>";
		};
		E450C814205BD20500A3A645 /* Frameworks */ = {
			isa = PBXGroup;
			children = (
				E450C815205BD20600A3A645 /* CFNetwork.framework */,
			);
			name = Frameworks;
			sourceTree = "<group>";
		};
		E450C817205BD25E00A3A645 /* Masonry */ = {
			isa = PBXGroup;
			children = (
				E450C818205BD25E00A3A645 /* MASCompositeConstraint.h */,
				E450C819205BD25E00A3A645 /* NSLayoutConstraint+MASDebugAdditions.m */,
				E450C81A205BD25E00A3A645 /* MASConstraint+Private.h */,
				E450C81B205BD25E00A3A645 /* MASLayoutConstraint.h */,
				E450C81C205BD25E00A3A645 /* NSArray+MASShorthandAdditions.h */,
				E450C81D205BD25E00A3A645 /* MASConstraintMaker.h */,
				E450C81E205BD25E00A3A645 /* View+MASAdditions.h */,
				E450C81F205BD25E00A3A645 /* NSArray+MASAdditions.h */,
				E450C820205BD25E00A3A645 /* MASUtilities.h */,
				E450C821205BD25E00A3A645 /* MASViewAttribute.h */,
				E450C822205BD25E00A3A645 /* ViewController+MASAdditions.m */,
				E450C823205BD25E00A3A645 /* MASViewConstraint.h */,
				E450C824205BD25E00A3A645 /* MASConstraint.h */,
				E450C825205BD25E00A3A645 /* NSLayoutConstraint+MASDebugAdditions.h */,
				E450C826205BD25E00A3A645 /* MASCompositeConstraint.m */,
				E450C827205BD25E00A3A645 /* MASConstraintMaker.m */,
				E450C828205BD25E00A3A645 /* MASLayoutConstraint.m */,
				E450C829205BD25E00A3A645 /* NSArray+MASAdditions.m */,
				E450C82A205BD25E00A3A645 /* View+MASAdditions.m */,
				E450C82B205BD25E00A3A645 /* View+MASShorthandAdditions.h */,
				E450C82C205BD25E00A3A645 /* Masonry.h */,
				E450C82D205BD25E00A3A645 /* MASConstraint.m */,
				E450C82E205BD25E00A3A645 /* ViewController+MASAdditions.h */,
				E450C82F205BD25E00A3A645 /* MASViewConstraint.m */,
				E450C830205BD25E00A3A645 /* MASViewAttribute.m */,
				E450C831205BD25E00A3A645 /* Info.plist */,
			);
			path = Masonry;
			sourceTree = "<group>";
		};
		E450C83D205BD2CF00A3A645 /* SDWebImage */ = {
			isa = PBXGroup;
			children = (
				E450C83E205BD2CF00A3A645 /* SDAnimatedImageRep.h */,
				E450C83F205BD2CF00A3A645 /* UIImage+WebP.m */,
				E450C840205BD2CF00A3A645 /* MKAnnotationView+WebCache.m */,
				E450C841205BD2CF00A3A645 /* NSButton+WebCache.h */,
				E450C842205BD2CF00A3A645 /* SDWebImageCoder.h */,
				E450C843205BD2CF00A3A645 /* NSImage+WebCache.h */,
				E450C844205BD2CF00A3A645 /* UIImageView+WebCache.h */,
				E450C845205BD2CF00A3A645 /* NSData+ImageContentType.h */,
				E450C846205BD2CF00A3A645 /* SDWebImageTransition.h */,
				E450C847205BD2CF00A3A645 /* SDWebImageManager.m */,
				E450C848205BD2CF00A3A645 /* SDWebImageDownloaderOperation.h */,
				E450C849205BD2CF00A3A645 /* UIImageView+HighlightedWebCache.m */,
				E450C84A205BD2CF00A3A645 /* SDWebImageFrame.m */,
				E450C84B205BD2CF00A3A645 /* SDImageCache.h */,
				E450C84C205BD2CF00A3A645 /* UIImage+ForceDecode.m */,
				E450C84D205BD2CF00A3A645 /* SDImageCacheConfig.h */,
				E450C84E205BD2CF00A3A645 /* SDWebImageCodersManager.m */,
				E450C852205BD2CF00A3A645 /* SDWebImageDownloader.m */,
				E450C853205BD2CF00A3A645 /* SDWebImageGIFCoder.h */,
				E450C854205BD2CF00A3A645 /* SDWebImageWebPCoder.h */,
				E450C855205BD2CF00A3A645 /* UIImage+GIF.m */,
				E450C856205BD2CF00A3A645 /* UIButton+WebCache.h */,
				E450C857205BD2CF00A3A645 /* UIImage+MultiFormat.m */,
				E450C858205BD2CF00A3A645 /* SDWebImageCoderHelper.m */,
				E450C859205BD2CF00A3A645 /* SDWebImageCompat.m */,
				E450C85A205BD2CF00A3A645 /* SDWebImageImageIOCoder.h */,
				E450C85B205BD2CF00A3A645 /* SDWebImagePrefetcher.m */,
				E450C85C205BD2CF00A3A645 /* UIView+WebCache.h */,
				E450C85D205BD2CF00A3A645 /* UIView+WebCacheOperation.h */,
				E450C85E205BD2CF00A3A645 /* SDWebImageCoder.m */,
				E450C85F205BD2CF00A3A645 /* NSButton+WebCache.m */,
				E450C860205BD2CF00A3A645 /* MKAnnotationView+WebCache.h */,
				E450C861205BD2CF00A3A645 /* UIImage+WebP.h */,
				E450C862205BD2CF00A3A645 /* SDAnimatedImageRep.m */,
				E450C863205BD2CF00A3A645 /* SDImageCache.m */,
				E450C864205BD2CF00A3A645 /* SDWebImageFrame.h */,
				E450C865205BD2CF00A3A645 /* UIImageView+HighlightedWebCache.h */,
				E450C866205BD2CF00A3A645 /* SDWebImageDownloaderOperation.m */,
				E450C867205BD2CF00A3A645 /* SDWebImageTransition.m */,
				E450C868205BD2CF00A3A645 /* SDWebImageManager.h */,
				E450C869205BD2CF00A3A645 /* NSData+ImageContentType.m */,
				E450C86A205BD2CF00A3A645 /* UIImageView+WebCache.m */,
				E450C86B205BD2CF00A3A645 /* SDWebImageOperation.h */,
				E450C86C205BD2CF00A3A645 /* NSImage+WebCache.m */,
				E450C86D205BD2CF00A3A645 /* SDWebImageGIFCoder.m */,
				E450C86E205BD2CF00A3A645 /* SDWebImageDownloader.h */,
				E450C86F205BD2CF00A3A645 /* SDImageCacheConfig.m */,
				E450C870205BD2CF00A3A645 /* SDWebImageCodersManager.h */,
				E450C871205BD2CF00A3A645 /* UIImage+ForceDecode.h */,
				E450C872205BD2CF00A3A645 /* UIView+WebCacheOperation.m */,
				E450C873205BD2CF00A3A645 /* UIView+WebCache.m */,
				E450C874205BD2CF00A3A645 /* SDWebImagePrefetcher.h */,
				E450C875205BD2CF00A3A645 /* SDWebImageImageIOCoder.m */,
				E450C876205BD2CF00A3A645 /* SDWebImageCompat.h */,
				E450C877205BD2CF00A3A645 /* SDWebImageCoderHelper.h */,
				E450C878205BD2CF00A3A645 /* UIImage+MultiFormat.h */,
				E450C879205BD2CF00A3A645 /* UIButton+WebCache.m */,
				E450C87A205BD2CF00A3A645 /* SDWebImageWebPCoder.m */,
				E450C87B205BD2CF00A3A645 /* UIImage+GIF.h */,
			);
			path = SDWebImage;
			sourceTree = "<group>";
		};
		E450C89A205BD3C800A3A645 /* MJRefresh */ = {
			isa = PBXGroup;
			children = (
				E450C89B205BD3C800A3A645 /* UIScrollView+MJRefresh.m */,
				E450C89C205BD3C800A3A645 /* MJRefreshConst.m */,
				E450C89D205BD3C800A3A645 /* UIScrollView+MJExtension.h */,
				E450C89E205BD3C800A3A645 /* MJRefresh.h */,
				E450C89F205BD3C800A3A645 /* NSBundle+MJRefresh.h */,
				E450C8A0205BD3C800A3A645 /* MJRefresh.bundle */,
				E450C8A1205BD3C800A3A645 /* UIView+MJExtension.h */,
				E450C8A2205BD3C800A3A645 /* UIScrollView+MJExtension.m */,
				E450C8A3205BD3C800A3A645 /* MJRefreshConst.h */,
				E450C8A4205BD3C800A3A645 /* UIScrollView+MJRefresh.h */,
				E450C8A5205BD3C800A3A645 /* NSBundle+MJRefresh.m */,
				E450C8A6205BD3C800A3A645 /* UIView+MJExtension.m */,
				E450C8A7205BD3C800A3A645 /* Custom */,
				E450C8BE205BD3C800A3A645 /* Base */,
			);
			path = MJRefresh;
			sourceTree = "<group>";
		};
		E450C8A7205BD3C800A3A645 /* Custom */ = {
			isa = PBXGroup;
			children = (
				E450C8A8205BD3C800A3A645 /* Footer */,
				E450C8B7205BD3C800A3A645 /* Header */,
			);
			path = Custom;
			sourceTree = "<group>";
		};
		E450C8A8205BD3C800A3A645 /* Footer */ = {
			isa = PBXGroup;
			children = (
				E450C8A9205BD3C800A3A645 /* Back */,
				E450C8B0205BD3C800A3A645 /* Auto */,
			);
			path = Footer;
			sourceTree = "<group>";
		};
		E450C8A9205BD3C800A3A645 /* Back */ = {
			isa = PBXGroup;
			children = (
				E450C8AA205BD3C800A3A645 /* MJRefreshBackGifFooter.h */,
				E450C8AB205BD3C800A3A645 /* MJRefreshBackStateFooter.h */,
				E450C8AC205BD3C800A3A645 /* MJRefreshBackNormalFooter.h */,
				E450C8AD205BD3C800A3A645 /* MJRefreshBackGifFooter.m */,
				E450C8AE205BD3C800A3A645 /* MJRefreshBackStateFooter.m */,
				E450C8AF205BD3C800A3A645 /* MJRefreshBackNormalFooter.m */,
			);
			path = Back;
			sourceTree = "<group>";
		};
		E450C8B0205BD3C800A3A645 /* Auto */ = {
			isa = PBXGroup;
			children = (
				E450C8B1205BD3C800A3A645 /* MJRefreshAutoStateFooter.h */,
				E450C8B2205BD3C800A3A645 /* MJRefreshAutoNormalFooter.h */,
				E450C8B3205BD3C800A3A645 /* MJRefreshAutoGifFooter.h */,
				E450C8B4205BD3C800A3A645 /* MJRefreshAutoStateFooter.m */,
				E450C8B5205BD3C800A3A645 /* MJRefreshAutoGifFooter.m */,
				E450C8B6205BD3C800A3A645 /* MJRefreshAutoNormalFooter.m */,
			);
			path = Auto;
			sourceTree = "<group>";
		};
		E450C8B7205BD3C800A3A645 /* Header */ = {
			isa = PBXGroup;
			children = (
				E450C8B8205BD3C800A3A645 /* MJRefreshNormalHeader.m */,
				E450C8B9205BD3C800A3A645 /* MJRefreshStateHeader.h */,
				E450C8BA205BD3C800A3A645 /* MJRefreshGifHeader.h */,
				E450C8BB205BD3C800A3A645 /* MJRefreshNormalHeader.h */,
				E450C8BC205BD3C800A3A645 /* MJRefreshStateHeader.m */,
				E450C8BD205BD3C800A3A645 /* MJRefreshGifHeader.m */,
			);
			path = Header;
			sourceTree = "<group>";
		};
		E450C8BE205BD3C800A3A645 /* Base */ = {
			isa = PBXGroup;
			children = (
				E450C8BF205BD3C800A3A645 /* MJRefreshFooter.m */,
				E450C8C0205BD3C800A3A645 /* MJRefreshComponent.h */,
				E450C8C1205BD3C800A3A645 /* MJRefreshHeader.m */,
				E450C8C2205BD3C800A3A645 /* MJRefreshAutoFooter.h */,
				E450C8C3205BD3C800A3A645 /* MJRefreshBackFooter.m */,
				E450C8C4205BD3C800A3A645 /* MJRefreshAutoFooter.m */,
				E450C8C5205BD3C800A3A645 /* MJRefreshHeader.h */,
				E450C8C6205BD3C800A3A645 /* MJRefreshComponent.m */,
				E450C8C7205BD3C800A3A645 /* MJRefreshFooter.h */,
				E450C8C8205BD3C800A3A645 /* MJRefreshBackFooter.h */,
			);
			path = Base;
			sourceTree = "<group>";
		};
		E450C8DE205E507B00A3A645 /* HZCore */ = {
			isa = PBXGroup;
			children = (
				E450C924205EB78C00A3A645 /* HZDefineConfig */,
				E450C923205E8A2400A3A645 /* BusinessCore */,
				E445AF8E205ED1A1004DEE85 /* Categorys */,
				E450C8DF205E508900A3A645 /* Http */,
			);
			path = HZCore;
			sourceTree = "<group>";
		};
		E450C8DF205E508900A3A645 /* Http */ = {
			isa = PBXGroup;
			children = (
				E450C8E0205E50B500A3A645 /* HZHttpSender.h */,
				E450C8E1205E50B500A3A645 /* HZHttpSender.m */,
				E450C8E3205E510400A3A645 /* HZURLRequest.h */,
				E450C8E4205E510400A3A645 /* HZURLRequest.m */,
				E450C90B205E526800A3A645 /* HZResponse.h */,
				E450C90C205E526800A3A645 /* HZResponse.m */,
			);
			path = Http;
			sourceTree = "<group>";
		};
		E450C914205E7DCF00A3A645 /* BookModuleManager */ = {
			isa = PBXGroup;
			children = (
				E450C915205E7E1E00A3A645 /* HZBookModuleManger.h */,
				E450C916205E7E1E00A3A645 /* HZBookModuleManger.m */,
			);
			path = BookModuleManager;
			sourceTree = "<group>";
		};
		E450C918205E836E00A3A645 /* BaseModel */ = {
			isa = PBXGroup;
			children = (
				E450C919205E838E00A3A645 /* HZBaseModel.h */,
				E450C91A205E838E00A3A645 /* HZBaseModel.m */,
			);
			path = BaseModel;
			sourceTree = "<group>";
		};
		E450C91C205E83A500A3A645 /* Models */ = {
			isa = PBXGroup;
			children = (
				E450C91D205E83AE00A3A645 /* BookModel */,
			);
			path = Models;
			sourceTree = "<group>";
		};
		E450C91D205E83AE00A3A645 /* BookModel */ = {
			isa = PBXGroup;
			children = (
				E450C91E205E83CA00A3A645 /* BookModel.h */,
				E450C91F205E83CA00A3A645 /* BookModel.m */,
			);
			path = BookModel;
			sourceTree = "<group>";
		};
		E450C923205E8A2400A3A645 /* BusinessCore */ = {
			isa = PBXGroup;
			children = (
				E445AFB3205ED77C004DEE85 /* ServerAddressManager */,
				E450C914205E7DCF00A3A645 /* BookModuleManager */,
				E450C90E205E754D00A3A645 /* HZModule.h */,
				E450C90F205E754D00A3A645 /* HZModule.m */,
				E450C911205E760600A3A645 /* HZCentralManager.h */,
				E450C912205E760600A3A645 /* HZCentralManager.m */,
				E445AFB0205ED402004DEE85 /* NSObject+Swizzle.h */,
				E445AFB1205ED402004DEE85 /* NSObject+Swizzle.m */,
			);
			path = BusinessCore;
			sourceTree = "<group>";
		};
		E450C924205EB78C00A3A645 /* HZDefineConfig */ = {
			isa = PBXGroup;
			children = (
				E450C922205E88F900A3A645 /* HZDefineConfig.h */,
			);
			path = HZDefineConfig;
			sourceTree = "<group>";
		};
/* End PBXGroup section */

/* Begin PBXNativeTarget section */
		E450C70A205A59E800A3A645 /* BookReader */ = {
			isa = PBXNativeTarget;
			buildConfigurationList = E450C721205A59E800A3A645 /* Build configuration list for PBXNativeTarget "BookReader" */;
			buildPhases = (
				E450C707205A59E800A3A645 /* Sources */,
				E450C708205A59E800A3A645 /* Frameworks */,
				E450C709205A59E800A3A645 /* Resources */,
			);
			buildRules = (
			);
			dependencies = (
			);
			name = BookReader;
			productName = BookReader;
			productReference = E450C70B205A59E800A3A645 /* BookReader.app */;
			productType = "com.apple.product-type.application";
		};
/* End PBXNativeTarget section */

/* Begin PBXProject section */
		E450C703205A59E800A3A645 /* Project object */ = {
			isa = PBXProject;
			attributes = {
				LastUpgradeCheck = 0920;
				ORGANIZATIONNAME = liang;
				TargetAttributes = {
					E450C70A205A59E800A3A645 = {
						CreatedOnToolsVersion = 9.2;
						ProvisioningStyle = Manual;
					};
				};
			};
			buildConfigurationList = E450C706205A59E800A3A645 /* Build configuration list for PBXProject "BookReader" */;
			compatibilityVersion = "Xcode 8.0";
			developmentRegion = en;
			hasScannedForEncodings = 0;
			knownRegions = (
				en,
				Base,
			);
			mainGroup = E450C702205A59E800A3A645;
			productRefGroup = E450C70C205A59E800A3A645 /* Products */;
			projectDirPath = "";
			projectRoot = "";
			targets = (
				E450C70A205A59E800A3A645 /* BookReader */,
			);
		};
/* End PBXProject section */

/* Begin PBXResourcesBuildPhase section */
		E450C709205A59E800A3A645 /* Resources */ = {
			isa = PBXResourcesBuildPhase;
			buildActionMask = 2147483647;
			files = (
				E450C7FF205BD0D300A3A645 /* File in Resources */,
				E450C71B205A59E800A3A645 /* LaunchScreen.storyboard in Resources */,
				E450C8CB205BD3C800A3A645 /* MJRefresh.bundle in Resources */,
				E450C718205A59E800A3A645 /* Assets.xcassets in Resources */,
				E450C83C205BD25E00A3A645 /* Info.plist in Resources */,
				E450C716205A59E800A3A645 /* Main.storyboard in Resources */,
			);
			runOnlyForDeploymentPostprocessing = 0;
		};
/* End PBXResourcesBuildPhase section */

/* Begin PBXSourcesBuildPhase section */
		E450C707205A59E800A3A645 /* Sources */ = {
			isa = PBXSourcesBuildPhase;
			buildActionMask = 2147483647;
			files = (
				E450C894205BD2CF00A3A645 /* SDImageCacheConfig.m in Sources */,
				E450C8CD205BD3C800A3A645 /* NSBundle+MJRefresh.m in Sources */,
				E450C897205BD2CF00A3A645 /* SDWebImageImageIOCoder.m in Sources */,
				E445AFAF205ED1A1004DEE85 /* NSString+Verification.m in Sources */,
				E450C87F205BD2CF00A3A645 /* UIImageView+HighlightedWebCache.m in Sources */,
				E445AFAD205ED1A1004DEE85 /* NSString+UUID.m in Sources */,
				E450C83A205BD25E00A3A645 /* MASViewConstraint.m in Sources */,
				E450C87D205BD2CF00A3A645 /* MKAnnotationView+WebCache.m in Sources */,
				E450C810205BD1F200A3A645 /* AFURLSessionManager.m in Sources */,
				E450C834205BD25E00A3A645 /* MASCompositeConstraint.m in Sources */,
				E450C8DC205BD3C800A3A645 /* MJRefreshComponent.m in Sources */,
				E450C837205BD25E00A3A645 /* NSArray+MASAdditions.m in Sources */,
				E445AFA9205ED1A1004DEE85 /* UIImage+Utilities.m in Sources */,
				E450C8C9205BD3C800A3A645 /* UIScrollView+MJRefresh.m in Sources */,
				E450C7F5205BA53F00A3A645 /* HZTabBarController.m in Sources */,
				E450C8CA205BD3C800A3A645 /* MJRefreshConst.m in Sources */,
				E450C90D205E526800A3A645 /* HZResponse.m in Sources */,
				E450C88D205BD2CF00A3A645 /* SDImageCache.m in Sources */,
				E450C884205BD2CF00A3A645 /* SDWebImageDownloader.m in Sources */,
				E450C8DA205BD3C800A3A645 /* MJRefreshBackFooter.m in Sources */,
				E450C83B205BD25E00A3A645 /* MASViewAttribute.m in Sources */,
				E450C880205BD2CF00A3A645 /* SDWebImageFrame.m in Sources */,
				E450C832205BD25E00A3A645 /* NSLayoutConstraint+MASDebugAdditions.m in Sources */,
				E450C929205EBFF800A3A645 /* HZCentralManager.m in Sources */,
				E450C8D8205BD3C800A3A645 /* MJRefreshFooter.m in Sources */,
				E450C88F205BD2CF00A3A645 /* SDWebImageTransition.m in Sources */,
				E450C7D1205B9F4200A3A645 /* HZBaseTableView.m in Sources */,
				E450C891205BD2CF00A3A645 /* UIImageView+WebCache.m in Sources */,
				E450C88C205BD2CF00A3A645 /* SDAnimatedImageRep.m in Sources */,
				E450C888205BD2CF00A3A645 /* SDWebImageCompat.m in Sources */,
				E450C835205BD25E00A3A645 /* MASConstraintMaker.m in Sources */,
				E450C898205BD2CF00A3A645 /* UIButton+WebCache.m in Sources */,
				E450C887205BD2CF00A3A645 /* SDWebImageCoderHelper.m in Sources */,
				E450C71E205A59E800A3A645 /* main.m in Sources */,
				E450C920205E83CA00A3A645 /* BookModel.m in Sources */,
				E450C838205BD25E00A3A645 /* View+MASAdditions.m in Sources */,
				E450C87E205BD2CF00A3A645 /* SDWebImageManager.m in Sources */,
				E450C7DA205BA09400A3A645 /* HZBaseNavigationViewController.m in Sources */,
				E450C812205BD1F200A3A645 /* AFNetworkReachabilityManager.m in Sources */,
				E445AFAB205ED1A1004DEE85 /* NSString+MD5.m in Sources */,
				E450C885205BD2CF00A3A645 /* UIImage+GIF.m in Sources */,
				E450C88A205BD2CF00A3A645 /* SDWebImageCoder.m in Sources */,
				E450C80E205BD1F200A3A645 /* AFURLResponseSerialization.m in Sources */,
				E450C87C205BD2CF00A3A645 /* UIImage+WebP.m in Sources */,
				E450C896205BD2CF00A3A645 /* UIView+WebCache.m in Sources */,
				E450C881205BD2CF00A3A645 /* UIImage+ForceDecode.m in Sources */,
				E450C839205BD25E00A3A645 /* MASConstraint.m in Sources */,
				E450C893205BD2CF00A3A645 /* SDWebImageGIFCoder.m in Sources */,
				E450C882205BD2CF00A3A645 /* SDWebImageCodersManager.m in Sources */,
				E450C8CE205BD3C800A3A645 /* UIView+MJExtension.m in Sources */,
				E450C91B205E838E00A3A645 /* HZBaseModel.m in Sources */,
				E450C7EF205BA3D600A3A645 /* ClassificationController.m in Sources */,
				E450C8DB205BD3C800A3A645 /* MJRefreshAutoFooter.m in Sources */,
				E450C886205BD2CF00A3A645 /* UIImage+MultiFormat.m in Sources */,
				E450C7FC205BBB8B00A3A645 /* PersonalController.m in Sources */,
				E450C899205BD2CF00A3A645 /* SDWebImageWebPCoder.m in Sources */,
				E450C80F205BD1F200A3A645 /* AFHTTPSessionManager.m in Sources */,
				E450C8D7205BD3C800A3A645 /* MJRefreshGifHeader.m in Sources */,
				E450C811205BD1F200A3A645 /* AFURLRequestSerialization.m in Sources */,
				E450C928205EB83D00A3A645 /* HZServerAddressManager.m in Sources */,
				E450C7E9205BA38100A3A645 /* BookShelfController.m in Sources */,
				E450C8D5205BD3C800A3A645 /* MJRefreshNormalHeader.m in Sources */,
				E450C7D4205B9FB700A3A645 /* HZBaseCollectionView.m in Sources */,
				E445AFB2205ED402004DEE85 /* NSObject+Swizzle.m in Sources */,
				E450C8D6205BD3C800A3A645 /* MJRefreshStateHeader.m in Sources */,
				E450C892205BD2CF00A3A645 /* NSImage+WebCache.m in Sources */,
				E450C7F2205BA3F100A3A645 /* DisCoveryController.m in Sources */,
				E450C836205BD25E00A3A645 /* MASLayoutConstraint.m in Sources */,
				E450C710205A59E800A3A645 /* HZAppDelegate.m in Sources */,
				E450C8D2205BD3C800A3A645 /* MJRefreshAutoStateFooter.m in Sources */,
				E450C88E205BD2CF00A3A645 /* SDWebImageDownloaderOperation.m in Sources */,
				E450C833205BD25E00A3A645 /* ViewController+MASAdditions.m in Sources */,
				E450C890205BD2CF00A3A645 /* NSData+ImageContentType.m in Sources */,
				E450C7F8205BB78300A3A645 /* LGQSideViewController.m in Sources */,
				E450C8D0205BD3C800A3A645 /* MJRefreshBackStateFooter.m in Sources */,
				E450C8D3205BD3C800A3A645 /* MJRefreshAutoGifFooter.m in Sources */,
				E450C813205BD1F200A3A645 /* AFSecurityPolicy.m in Sources */,
				E450C7CE205B9F2000A3A645 /* HZBaseView.m in Sources */,
				E450C910205E754D00A3A645 /* HZModule.m in Sources */,
				E450C8D4205BD3C800A3A645 /* MJRefreshAutoNormalFooter.m in Sources */,
				E450C8D1205BD3C800A3A645 /* MJRefreshBackNormalFooter.m in Sources */,
				E450C8CF205BD3C800A3A645 /* MJRefreshBackGifFooter.m in Sources */,
				E450C8E5205E510400A3A645 /* HZURLRequest.m in Sources */,
				E450C889205BD2CF00A3A645 /* SDWebImagePrefetcher.m in Sources */,
				E445AFA6205ED1A1004DEE85 /* NSString+RectSize.m in Sources */,
				E450C8E2205E50B600A3A645 /* HZHttpSender.m in Sources */,
				E450C917205E7E1E00A3A645 /* HZBookModuleManger.m in Sources */,
				E450C895205BD2CF00A3A645 /* UIView+WebCacheOperation.m in Sources */,
				E450C8D9205BD3C800A3A645 /* MJRefreshHeader.m in Sources */,
				E450C7D7205B9FCB00A3A645 /* HZBaseViewController.m in Sources */,
				E450C88B205BD2CF00A3A645 /* NSButton+WebCache.m in Sources */,
				E450C8CC205BD3C800A3A645 /* UIScrollView+MJExtension.m in Sources */,
				E450C7EC205BA3B600A3A645 /* FeaturedAlbumController.m in Sources */,
			);
			runOnlyForDeploymentPostprocessing = 0;
		};
/* End PBXSourcesBuildPhase section */

/* Begin PBXVariantGroup section */
		E450C714205A59E800A3A645 /* Main.storyboard */ = {
			isa = PBXVariantGroup;
			children = (
				E450C715205A59E800A3A645 /* Base */,
			);
			name = Main.storyboard;
			sourceTree = "<group>";
		};
		E450C719205A59E800A3A645 /* LaunchScreen.storyboard */ = {
			isa = PBXVariantGroup;
			children = (
				E450C71A205A59E800A3A645 /* Base */,
			);
			name = LaunchScreen.storyboard;
			sourceTree = "<group>";
		};
/* End PBXVariantGroup section */

/* Begin XCBuildConfiguration section */
		E450C71F205A59E800A3A645 /* Debug */ = {
			isa = XCBuildConfiguration;
			buildSettings = {
				ALWAYS_SEARCH_USER_PATHS = NO;
				CLANG_ANALYZER_NONNULL = YES;
				CLANG_ANALYZER_NUMBER_OBJECT_CONVERSION = YES_AGGRESSIVE;
				CLANG_CXX_LANGUAGE_STANDARD = "gnu++14";
				CLANG_CXX_LIBRARY = "libc++";
				CLANG_ENABLE_MODULES = YES;
				CLANG_ENABLE_OBJC_ARC = YES;
				CLANG_WARN_BLOCK_CAPTURE_AUTORELEASING = YES;
				CLANG_WARN_BOOL_CONVERSION = YES;
				CLANG_WARN_COMMA = YES;
				CLANG_WARN_CONSTANT_CONVERSION = YES;
				CLANG_WARN_DIRECT_OBJC_ISA_USAGE = YES_ERROR;
				CLANG_WARN_DOCUMENTATION_COMMENTS = YES;
				CLANG_WARN_EMPTY_BODY = YES;
				CLANG_WARN_ENUM_CONVERSION = YES;
				CLANG_WARN_INFINITE_RECURSION = YES;
				CLANG_WARN_INT_CONVERSION = YES;
				CLANG_WARN_NON_LITERAL_NULL_CONVERSION = YES;
				CLANG_WARN_OBJC_LITERAL_CONVERSION = YES;
				CLANG_WARN_OBJC_ROOT_CLASS = YES_ERROR;
				CLANG_WARN_RANGE_LOOP_ANALYSIS = YES;
				CLANG_WARN_STRICT_PROTOTYPES = YES;
				CLANG_WARN_SUSPICIOUS_MOVE = YES;
				CLANG_WARN_UNGUARDED_AVAILABILITY = YES_AGGRESSIVE;
				CLANG_WARN_UNREACHABLE_CODE = YES;
				CLANG_WARN__DUPLICATE_METHOD_MATCH = YES;
				CODE_SIGN_IDENTITY = "iPhone Developer";
				COPY_PHASE_STRIP = NO;
				DEBUG_INFORMATION_FORMAT = dwarf;
				ENABLE_STRICT_OBJC_MSGSEND = YES;
				ENABLE_TESTABILITY = YES;
				GCC_C_LANGUAGE_STANDARD = gnu11;
				GCC_DYNAMIC_NO_PIC = NO;
				GCC_NO_COMMON_BLOCKS = YES;
				GCC_OPTIMIZATION_LEVEL = 0;
				GCC_PREPROCESSOR_DEFINITIONS = (
					"DEBUG=1",
					"$(inherited)",
				);
				GCC_WARN_64_TO_32_BIT_CONVERSION = YES;
				GCC_WARN_ABOUT_RETURN_TYPE = YES_ERROR;
				GCC_WARN_UNDECLARED_SELECTOR = YES;
				GCC_WARN_UNINITIALIZED_AUTOS = YES_AGGRESSIVE;
				GCC_WARN_UNUSED_FUNCTION = YES;
				GCC_WARN_UNUSED_VARIABLE = YES;
				IPHONEOS_DEPLOYMENT_TARGET = 11.2;
				MTL_ENABLE_DEBUG_INFO = YES;
				ONLY_ACTIVE_ARCH = YES;
				SDKROOT = iphoneos;
			};
			name = Debug;
		};
		E450C720205A59E800A3A645 /* Release */ = {
			isa = XCBuildConfiguration;
			buildSettings = {
				ALWAYS_SEARCH_USER_PATHS = NO;
				CLANG_ANALYZER_NONNULL = YES;
				CLANG_ANALYZER_NUMBER_OBJECT_CONVERSION = YES_AGGRESSIVE;
				CLANG_CXX_LANGUAGE_STANDARD = "gnu++14";
				CLANG_CXX_LIBRARY = "libc++";
				CLANG_ENABLE_MODULES = YES;
				CLANG_ENABLE_OBJC_ARC = YES;
				CLANG_WARN_BLOCK_CAPTURE_AUTORELEASING = YES;
				CLANG_WARN_BOOL_CONVERSION = YES;
				CLANG_WARN_COMMA = YES;
				CLANG_WARN_CONSTANT_CONVERSION = YES;
				CLANG_WARN_DIRECT_OBJC_ISA_USAGE = YES_ERROR;
				CLANG_WARN_DOCUMENTATION_COMMENTS = YES;
				CLANG_WARN_EMPTY_BODY = YES;
				CLANG_WARN_ENUM_CONVERSION = YES;
				CLANG_WARN_INFINITE_RECURSION = YES;
				CLANG_WARN_INT_CONVERSION = YES;
				CLANG_WARN_NON_LITERAL_NULL_CONVERSION = YES;
				CLANG_WARN_OBJC_LITERAL_CONVERSION = YES;
				CLANG_WARN_OBJC_ROOT_CLASS = YES_ERROR;
				CLANG_WARN_RANGE_LOOP_ANALYSIS = YES;
				CLANG_WARN_STRICT_PROTOTYPES = YES;
				CLANG_WARN_SUSPICIOUS_MOVE = YES;
				CLANG_WARN_UNGUARDED_AVAILABILITY = YES_AGGRESSIVE;
				CLANG_WARN_UNREACHABLE_CODE = YES;
				CLANG_WARN__DUPLICATE_METHOD_MATCH = YES;
				CODE_SIGN_IDENTITY = "iPhone Developer";
				COPY_PHASE_STRIP = NO;
				DEBUG_INFORMATION_FORMAT = "dwarf-with-dsym";
				ENABLE_NS_ASSERTIONS = NO;
				ENABLE_STRICT_OBJC_MSGSEND = YES;
				GCC_C_LANGUAGE_STANDARD = gnu11;
				GCC_NO_COMMON_BLOCKS = YES;
				GCC_WARN_64_TO_32_BIT_CONVERSION = YES;
				GCC_WARN_ABOUT_RETURN_TYPE = YES_ERROR;
				GCC_WARN_UNDECLARED_SELECTOR = YES;
				GCC_WARN_UNINITIALIZED_AUTOS = YES_AGGRESSIVE;
				GCC_WARN_UNUSED_FUNCTION = YES;
				GCC_WARN_UNUSED_VARIABLE = YES;
				IPHONEOS_DEPLOYMENT_TARGET = 11.2;
				MTL_ENABLE_DEBUG_INFO = NO;
				SDKROOT = iphoneos;
				VALIDATE_PRODUCT = YES;
			};
			name = Release;
		};
		E450C722205A59E800A3A645 /* Debug */ = {
			isa = XCBuildConfiguration;
			buildSettings = {
				ASSETCATALOG_COMPILER_APPICON_NAME = AppIcon;
				CODE_SIGN_STYLE = Manual;
				DEVELOPMENT_TEAM = "";
				INFOPLIST_FILE = BookReader/Info.plist;
				IPHONEOS_DEPLOYMENT_TARGET = 8.0;
				LD_RUNPATH_SEARCH_PATHS = "$(inherited) @executable_path/Frameworks";
				PRODUCT_BUNDLE_IDENTIFIER = com.skysea.BookReader;
				PRODUCT_NAME = "$(TARGET_NAME)";
				PROVISIONING_PROFILE_SPECIFIER = "";
				TARGETED_DEVICE_FAMILY = 1;
			};
			name = Debug;
		};
		E450C723205A59E800A3A645 /* Release */ = {
			isa = XCBuildConfiguration;
			buildSettings = {
				ASSETCATALOG_COMPILER_APPICON_NAME = AppIcon;
				CODE_SIGN_STYLE = Manual;
				DEVELOPMENT_TEAM = "";
				INFOPLIST_FILE = BookReader/Info.plist;
				IPHONEOS_DEPLOYMENT_TARGET = 8.0;
				LD_RUNPATH_SEARCH_PATHS = "$(inherited) @executable_path/Frameworks";
				PRODUCT_BUNDLE_IDENTIFIER = com.skysea.BookReader;
				PRODUCT_NAME = "$(TARGET_NAME)";
				PROVISIONING_PROFILE_SPECIFIER = "";
				TARGETED_DEVICE_FAMILY = 1;
			};
			name = Release;
		};
/* End XCBuildConfiguration section */

/* Begin XCConfigurationList section */
		E450C706205A59E800A3A645 /* Build configuration list for PBXProject "BookReader" */ = {
			isa = XCConfigurationList;
			buildConfigurations = (
				E450C71F205A59E800A3A645 /* Debug */,
				E450C720205A59E800A3A645 /* Release */,
			);
			defaultConfigurationIsVisible = 0;
			defaultConfigurationName = Release;
		};
		E450C721205A59E800A3A645 /* Build configuration list for PBXNativeTarget "BookReader" */ = {
			isa = XCConfigurationList;
			buildConfigurations = (
				E450C722205A59E800A3A645 /* Debug */,
				E450C723205A59E800A3A645 /* Release */,
			);
			defaultConfigurationIsVisible = 0;
			defaultConfigurationName = Release;
		};
/* End XCConfigurationList section */
	};
	rootObject = E450C703205A59E800A3A645 /* Project object */;
}
